// !$*UTF8*$!
{
	archiveVersion = 1;
	classes = {
	};
	objectVersion = 55;
	objects = {

/* Begin PBXBuildFile section */
		040B41C929AFB49B006E2D84 /* FeedUIIntegrationTests+TestHelpers.swift in Sources */ = {isa = PBXBuildFile; fileRef = 040B41C829AFB49B006E2D84 /* FeedUIIntegrationTests+TestHelpers.swift */; };
		040B41CB29AFB4CA006E2D84 /* LoaderSpy.swift in Sources */ = {isa = PBXBuildFile; fileRef = 040B41CA29AFB4CA006E2D84 /* LoaderSpy.swift */; };
		040B41CD29AFB566006E2D84 /* UIKit+TestHelpers.swift in Sources */ = {isa = PBXBuildFile; fileRef = 040B41CC29AFB566006E2D84 /* UIKit+TestHelpers.swift */; };
		040B41CF29AFB5D7006E2D84 /* FeedImageCell+TestHelpers.swift in Sources */ = {isa = PBXBuildFile; fileRef = 040B41CE29AFB5D7006E2D84 /* FeedImageCell+TestHelpers.swift */; };
		040B41D129AFB6B5006E2D84 /* ListViewController+TestHelpers.swift in Sources */ = {isa = PBXBuildFile; fileRef = 040B41D029AFB6B5006E2D84 /* ListViewController+TestHelpers.swift */; };
		0419651E29893C5F00F21C50 /* AppDelegate.swift in Sources */ = {isa = PBXBuildFile; fileRef = 0419651D29893C5F00F21C50 /* AppDelegate.swift */; };
		0419652029893C5F00F21C50 /* SceneDelegate.swift in Sources */ = {isa = PBXBuildFile; fileRef = 0419651F29893C5F00F21C50 /* SceneDelegate.swift */; };
		0419652529893C5F00F21C50 /* Main.storyboard in Resources */ = {isa = PBXBuildFile; fileRef = 0419652329893C5F00F21C50 /* Main.storyboard */; };
		0419652729893C6000F21C50 /* Assets.xcassets in Resources */ = {isa = PBXBuildFile; fileRef = 0419652629893C6000F21C50 /* Assets.xcassets */; };
		0419652A29893C6000F21C50 /* LaunchScreen.storyboard in Resources */ = {isa = PBXBuildFile; fileRef = 0419652829893C6000F21C50 /* LaunchScreen.storyboard */; };
		044E68BC29894C6D00CC16F1 /* ZZFeed.framework in Frameworks */ = {isa = PBXBuildFile; fileRef = 044E68BA29894C6D00CC16F1 /* ZZFeed.framework */; };
		044E68BD29894C6D00CC16F1 /* ZZFeed.framework in Embed Frameworks */ = {isa = PBXBuildFile; fileRef = 044E68BA29894C6D00CC16F1 /* ZZFeed.framework */; settings = {ATTRIBUTES = (CodeSignOnCopy, RemoveHeadersOnCopy, ); }; };
		044E68BE29894C6D00CC16F1 /* ZZFeediOS.framework in Frameworks */ = {isa = PBXBuildFile; fileRef = 044E68BB29894C6D00CC16F1 /* ZZFeediOS.framework */; };
		044E68BF29894C6D00CC16F1 /* ZZFeediOS.framework in Embed Frameworks */ = {isa = PBXBuildFile; fileRef = 044E68BB29894C6D00CC16F1 /* ZZFeediOS.framework */; settings = {ATTRIBUTES = (CodeSignOnCopy, RemoveHeadersOnCopy, ); }; };
		04A064A629A6171C007E09D4 /* WeakRefVirtualProxy.swift in Sources */ = {isa = PBXBuildFile; fileRef = 04A064A329A616EE007E09D4 /* WeakRefVirtualProxy.swift */; };
		04A064A829A6171C007E09D4 /* FeedUIComposer.swift in Sources */ = {isa = PBXBuildFile; fileRef = 04A064A229A616EE007E09D4 /* FeedUIComposer.swift */; };
		04A064AA29A62FC9007E09D4 /* FeedUIIntegrationTests.swift in Sources */ = {isa = PBXBuildFile; fileRef = 04A064A929A62FC9007E09D4 /* FeedUIIntegrationTests.swift */; };
		04BBD64029A3F93300D17574 /* Shared.swift in Sources */ = {isa = PBXBuildFile; fileRef = 04BBD63F29A3F93300D17574 /* Shared.swift */; };
		04BBD64429A3FA0400D17574 /* XCTestCase+MemoryLeakTracking.swift in Sources */ = {isa = PBXBuildFile; fileRef = 04BBD64329A3FA0400D17574 /* XCTestCase+MemoryLeakTracking.swift */; };
		04D9C4F329A687900073ADBB /* CombineHelpers.swift in Sources */ = {isa = PBXBuildFile; fileRef = 04D9C4F229A687900073ADBB /* CombineHelpers.swift */; };
		04D9C4F529A69E310073ADBB /* SceneDelegateTests.swift in Sources */ = {isa = PBXBuildFile; fileRef = 04D9C4F429A69E310073ADBB /* SceneDelegateTests.swift */; };
		04D9C4F929A6A0950073ADBB /* LoadResourcePresentationAdapter.swift in Sources */ = {isa = PBXBuildFile; fileRef = 04D9C4F829A6A0950073ADBB /* LoadResourcePresentationAdapter.swift */; };
		04D9C4FB29A6A0ED0073ADBB /* FeedViewAdapter.swift in Sources */ = {isa = PBXBuildFile; fileRef = 04D9C4FA29A6A0ED0073ADBB /* FeedViewAdapter.swift */; };
		04D9C4FD29A6A2770073ADBB /* FeedAcceptanceTests.swift in Sources */ = {isa = PBXBuildFile; fileRef = 04D9C4FC29A6A2770073ADBB /* FeedAcceptanceTests.swift */; };
		04D9C4FF29A6A4250073ADBB /* HTTPClientStub.swift in Sources */ = {isa = PBXBuildFile; fileRef = 04D9C4FE29A6A4250073ADBB /* HTTPClientStub.swift */; };
		04D9C50129A6A4300073ADBB /* InMemoryFeedStore.swift in Sources */ = {isa = PBXBuildFile; fileRef = 04D9C50029A6A4300073ADBB /* InMemoryFeedStore.swift */; };
/* End PBXBuildFile section */

/* Begin PBXContainerItemProxy section */
		04C1D2B329A0C7C20061CFEE /* PBXContainerItemProxy */ = {
			isa = PBXContainerItemProxy;
			containerPortal = 0419651229893C5F00F21C50 /* Project object */;
			proxyType = 1;
			remoteGlobalIDString = 0419651929893C5F00F21C50;
			remoteInfo = ZZFeedApp;
		};
/* End PBXContainerItemProxy section */

/* Begin PBXCopyFilesBuildPhase section */
		044E68C029894C6D00CC16F1 /* Embed Frameworks */ = {
			isa = PBXCopyFilesBuildPhase;
			buildActionMask = 2147483647;
			dstPath = "";
			dstSubfolderSpec = 10;
			files = (
				044E68BF29894C6D00CC16F1 /* ZZFeediOS.framework in Embed Frameworks */,
				044E68BD29894C6D00CC16F1 /* ZZFeed.framework in Embed Frameworks */,
			);
			name = "Embed Frameworks";
			runOnlyForDeploymentPostprocessing = 0;
		};
/* End PBXCopyFilesBuildPhase section */

/* Begin PBXFileReference section */
		040B41C829AFB49B006E2D84 /* FeedUIIntegrationTests+TestHelpers.swift */ = {isa = PBXFileReference; lastKnownFileType = sourcecode.swift; path = "FeedUIIntegrationTests+TestHelpers.swift"; sourceTree = "<group>"; };
		040B41CA29AFB4CA006E2D84 /* LoaderSpy.swift */ = {isa = PBXFileReference; lastKnownFileType = sourcecode.swift; path = LoaderSpy.swift; sourceTree = "<group>"; };
		040B41CC29AFB566006E2D84 /* UIKit+TestHelpers.swift */ = {isa = PBXFileReference; lastKnownFileType = sourcecode.swift; path = "UIKit+TestHelpers.swift"; sourceTree = "<group>"; };
		040B41CE29AFB5D7006E2D84 /* FeedImageCell+TestHelpers.swift */ = {isa = PBXFileReference; lastKnownFileType = sourcecode.swift; path = "FeedImageCell+TestHelpers.swift"; sourceTree = "<group>"; };
		040B41D029AFB6B5006E2D84 /* ListViewController+TestHelpers.swift */ = {isa = PBXFileReference; lastKnownFileType = sourcecode.swift; path = "ListViewController+TestHelpers.swift"; sourceTree = "<group>"; };
		0419651A29893C5F00F21C50 /* ZZFeedApp.app */ = {isa = PBXFileReference; explicitFileType = wrapper.application; includeInIndex = 0; path = ZZFeedApp.app; sourceTree = BUILT_PRODUCTS_DIR; };
		0419651D29893C5F00F21C50 /* AppDelegate.swift */ = {isa = PBXFileReference; lastKnownFileType = sourcecode.swift; path = AppDelegate.swift; sourceTree = "<group>"; };
		0419651F29893C5F00F21C50 /* SceneDelegate.swift */ = {isa = PBXFileReference; lastKnownFileType = sourcecode.swift; path = SceneDelegate.swift; sourceTree = "<group>"; };
		0419652429893C5F00F21C50 /* Base */ = {isa = PBXFileReference; lastKnownFileType = file.storyboard; name = Base; path = Base.lproj/Main.storyboard; sourceTree = "<group>"; };
		0419652629893C6000F21C50 /* Assets.xcassets */ = {isa = PBXFileReference; lastKnownFileType = folder.assetcatalog; path = Assets.xcassets; sourceTree = "<group>"; };
		0419652929893C6000F21C50 /* Base */ = {isa = PBXFileReference; lastKnownFileType = file.storyboard; name = Base; path = Base.lproj/LaunchScreen.storyboard; sourceTree = "<group>"; };
		0419652B29893C6000F21C50 /* Info.plist */ = {isa = PBXFileReference; lastKnownFileType = text.plist.xml; path = Info.plist; sourceTree = "<group>"; };
		044E68BA29894C6D00CC16F1 /* ZZFeed.framework */ = {isa = PBXFileReference; explicitFileType = wrapper.framework; path = ZZFeed.framework; sourceTree = BUILT_PRODUCTS_DIR; };
		044E68BB29894C6D00CC16F1 /* ZZFeediOS.framework */ = {isa = PBXFileReference; explicitFileType = wrapper.framework; path = ZZFeediOS.framework; sourceTree = BUILT_PRODUCTS_DIR; };
		04A064A229A616EE007E09D4 /* FeedUIComposer.swift */ = {isa = PBXFileReference; lastKnownFileType = sourcecode.swift; path = FeedUIComposer.swift; sourceTree = "<group>"; };
		04A064A329A616EE007E09D4 /* WeakRefVirtualProxy.swift */ = {isa = PBXFileReference; lastKnownFileType = sourcecode.swift; path = WeakRefVirtualProxy.swift; sourceTree = "<group>"; };
		04A064A929A62FC9007E09D4 /* FeedUIIntegrationTests.swift */ = {isa = PBXFileReference; lastKnownFileType = sourcecode.swift; path = FeedUIIntegrationTests.swift; sourceTree = "<group>"; };
		04BBD63F29A3F93300D17574 /* Shared.swift */ = {isa = PBXFileReference; lastKnownFileType = sourcecode.swift; path = Shared.swift; sourceTree = "<group>"; };
		04BBD64329A3FA0400D17574 /* XCTestCase+MemoryLeakTracking.swift */ = {isa = PBXFileReference; lastKnownFileType = sourcecode.swift; path = "XCTestCase+MemoryLeakTracking.swift"; sourceTree = "<group>"; };
		04C1D2AF29A0C7C10061CFEE /* ZZFeedAppTests.xctest */ = {isa = PBXFileReference; explicitFileType = wrapper.cfbundle; includeInIndex = 0; path = ZZFeedAppTests.xctest; sourceTree = BUILT_PRODUCTS_DIR; };
		04D9C4F229A687900073ADBB /* CombineHelpers.swift */ = {isa = PBXFileReference; lastKnownFileType = sourcecode.swift; path = CombineHelpers.swift; sourceTree = "<group>"; };
		04D9C4F429A69E310073ADBB /* SceneDelegateTests.swift */ = {isa = PBXFileReference; lastKnownFileType = sourcecode.swift; path = SceneDelegateTests.swift; sourceTree = "<group>"; };
		04D9C4F829A6A0950073ADBB /* LoadResourcePresentationAdapter.swift */ = {isa = PBXFileReference; lastKnownFileType = sourcecode.swift; path = LoadResourcePresentationAdapter.swift; sourceTree = "<group>"; };
		04D9C4FA29A6A0ED0073ADBB /* FeedViewAdapter.swift */ = {isa = PBXFileReference; lastKnownFileType = sourcecode.swift; path = FeedViewAdapter.swift; sourceTree = "<group>"; };
		04D9C4FC29A6A2770073ADBB /* FeedAcceptanceTests.swift */ = {isa = PBXFileReference; lastKnownFileType = sourcecode.swift; path = FeedAcceptanceTests.swift; sourceTree = "<group>"; };
		04D9C4FE29A6A4250073ADBB /* HTTPClientStub.swift */ = {isa = PBXFileReference; lastKnownFileType = sourcecode.swift; path = HTTPClientStub.swift; sourceTree = "<group>"; };
		04D9C50029A6A4300073ADBB /* InMemoryFeedStore.swift */ = {isa = PBXFileReference; lastKnownFileType = sourcecode.swift; path = InMemoryFeedStore.swift; sourceTree = "<group>"; };
/* End PBXFileReference section */

/* Begin PBXFrameworksBuildPhase section */
		0419651729893C5F00F21C50 /* Frameworks */ = {
			isa = PBXFrameworksBuildPhase;
			buildActionMask = 2147483647;
			files = (
				044E68BE29894C6D00CC16F1 /* ZZFeediOS.framework in Frameworks */,
				044E68BC29894C6D00CC16F1 /* ZZFeed.framework in Frameworks */,
			);
			runOnlyForDeploymentPostprocessing = 0;
		};
		04C1D2AC29A0C7C10061CFEE /* Frameworks */ = {
			isa = PBXFrameworksBuildPhase;
			buildActionMask = 2147483647;
			files = (
			);
			runOnlyForDeploymentPostprocessing = 0;
		};
/* End PBXFrameworksBuildPhase section */

/* Begin PBXGroup section */
		0419651129893C5F00F21C50 = {
			isa = PBXGroup;
			children = (
				0419651C29893C5F00F21C50 /* ZZFeedApp */,
				04C1D2B029A0C7C20061CFEE /* ZZFeedAppTests */,
				0419651B29893C5F00F21C50 /* Products */,
				044E68B929894C6D00CC16F1 /* Frameworks */,
			);
			sourceTree = "<group>";
		};
		0419651B29893C5F00F21C50 /* Products */ = {
			isa = PBXGroup;
			children = (
				0419651A29893C5F00F21C50 /* ZZFeedApp.app */,
				04C1D2AF29A0C7C10061CFEE /* ZZFeedAppTests.xctest */,
			);
			name = Products;
			sourceTree = "<group>";
		};
		0419651C29893C5F00F21C50 /* ZZFeedApp */ = {
			isa = PBXGroup;
			children = (
				04A064A529A616EE007E09D4 /* Composers */,
				0419651D29893C5F00F21C50 /* AppDelegate.swift */,
				0419651F29893C5F00F21C50 /* SceneDelegate.swift */,
				04D9C4F229A687900073ADBB /* CombineHelpers.swift */,
				0419652329893C5F00F21C50 /* Main.storyboard */,
				0419652629893C6000F21C50 /* Assets.xcassets */,
				0419652829893C6000F21C50 /* LaunchScreen.storyboard */,
				0419652B29893C6000F21C50 /* Info.plist */,
			);
			path = ZZFeedApp;
			sourceTree = "<group>";
		};
		044E68B929894C6D00CC16F1 /* Frameworks */ = {
			isa = PBXGroup;
			children = (
				044E68BA29894C6D00CC16F1 /* ZZFeed.framework */,
				044E68BB29894C6D00CC16F1 /* ZZFeediOS.framework */,
			);
			name = Frameworks;
			sourceTree = "<group>";
		};
		04A064A529A616EE007E09D4 /* Composers */ = {
			isa = PBXGroup;
			children = (
				04A064A229A616EE007E09D4 /* FeedUIComposer.swift */,
				04D9C4FA29A6A0ED0073ADBB /* FeedViewAdapter.swift */,
				04D9C4F829A6A0950073ADBB /* LoadResourcePresentationAdapter.swift */,
				04A064A329A616EE007E09D4 /* WeakRefVirtualProxy.swift */,
			);
			path = Composers;
			sourceTree = "<group>";
		};
		04BBD63C29A3F89200D17574 /* Helpers */ = {
			isa = PBXGroup;
			children = (
				04BBD63F29A3F93300D17574 /* Shared.swift */,
				040B41CC29AFB566006E2D84 /* UIKit+TestHelpers.swift */,
				04BBD64329A3FA0400D17574 /* XCTestCase+MemoryLeakTracking.swift */,
				040B41C829AFB49B006E2D84 /* FeedUIIntegrationTests+TestHelpers.swift */,
				040B41D029AFB6B5006E2D84 /* ListViewController+TestHelpers.swift */,
				040B41CE29AFB5D7006E2D84 /* FeedImageCell+TestHelpers.swift */,
				040B41CA29AFB4CA006E2D84 /* LoaderSpy.swift */,
				04D9C4FE29A6A4250073ADBB /* HTTPClientStub.swift */,
				04D9C50029A6A4300073ADBB /* InMemoryFeedStore.swift */,
			);
			path = Helpers;
			sourceTree = "<group>";
		};
		04C1D2B029A0C7C20061CFEE /* ZZFeedAppTests */ = {
			isa = PBXGroup;
			children = (
				04BBD63C29A3F89200D17574 /* Helpers */,
				04D9C4F429A69E310073ADBB /* SceneDelegateTests.swift */,
				04A064A929A62FC9007E09D4 /* FeedUIIntegrationTests.swift */,
				04D9C4FC29A6A2770073ADBB /* FeedAcceptanceTests.swift */,
			);
			path = ZZFeedAppTests;
			sourceTree = "<group>";
		};
/* End PBXGroup section */

/* Begin PBXNativeTarget section */
		0419651929893C5F00F21C50 /* ZZFeedApp */ = {
			isa = PBXNativeTarget;
			buildConfigurationList = 0419652E29893C6000F21C50 /* Build configuration list for PBXNativeTarget "ZZFeedApp" */;
			buildPhases = (
				0419651629893C5F00F21C50 /* Sources */,
				0419651729893C5F00F21C50 /* Frameworks */,
				0419651829893C5F00F21C50 /* Resources */,
				044E68C029894C6D00CC16F1 /* Embed Frameworks */,
			);
			buildRules = (
			);
			dependencies = (
			);
			name = ZZFeedApp;
			productName = ZZFeedApp;
			productReference = 0419651A29893C5F00F21C50 /* ZZFeedApp.app */;
			productType = "com.apple.product-type.application";
		};
		04C1D2AE29A0C7C10061CFEE /* ZZFeedAppTests */ = {
			isa = PBXNativeTarget;
			buildConfigurationList = 04C1D2B729A0C7C20061CFEE /* Build configuration list for PBXNativeTarget "ZZFeedAppTests" */;
			buildPhases = (
				04C1D2AB29A0C7C10061CFEE /* Sources */,
				04C1D2AC29A0C7C10061CFEE /* Frameworks */,
				04C1D2AD29A0C7C10061CFEE /* Resources */,
			);
			buildRules = (
			);
			dependencies = (
				04C1D2B429A0C7C20061CFEE /* PBXTargetDependency */,
			);
			name = ZZFeedAppTests;
			productName = ZZFeedAppTests;
			productReference = 04C1D2AF29A0C7C10061CFEE /* ZZFeedAppTests.xctest */;
			productType = "com.apple.product-type.bundle.unit-test";
		};
/* End PBXNativeTarget section */

/* Begin PBXProject section */
		0419651229893C5F00F21C50 /* Project object */ = {
			isa = PBXProject;
			attributes = {
				BuildIndependentTargetsInParallel = 1;
				LastSwiftUpdateCheck = 1400;
				LastUpgradeCheck = 1340;
				TargetAttributes = {
					0419651929893C5F00F21C50 = {
						CreatedOnToolsVersion = 13.4.1;
					};
					04C1D2AE29A0C7C10061CFEE = {
						CreatedOnToolsVersion = 14.0;
						TestTargetID = 0419651929893C5F00F21C50;
					};
				};
			};
			buildConfigurationList = 0419651529893C5F00F21C50 /* Build configuration list for PBXProject "ZZFeedApp" */;
			compatibilityVersion = "Xcode 13.0";
			developmentRegion = en;
			hasScannedForEncodings = 0;
			knownRegions = (
				en,
				Base,
			);
			mainGroup = 0419651129893C5F00F21C50;
			productRefGroup = 0419651B29893C5F00F21C50 /* Products */;
			projectDirPath = "";
			projectRoot = "";
			targets = (
				0419651929893C5F00F21C50 /* ZZFeedApp */,
				04C1D2AE29A0C7C10061CFEE /* ZZFeedAppTests */,
			);
		};
/* End PBXProject section */

/* Begin PBXResourcesBuildPhase section */
		0419651829893C5F00F21C50 /* Resources */ = {
			isa = PBXResourcesBuildPhase;
			buildActionMask = 2147483647;
			files = (
				0419652A29893C6000F21C50 /* LaunchScreen.storyboard in Resources */,
				0419652729893C6000F21C50 /* Assets.xcassets in Resources */,
				0419652529893C5F00F21C50 /* Main.storyboard in Resources */,
			);
			runOnlyForDeploymentPostprocessing = 0;
		};
		04C1D2AD29A0C7C10061CFEE /* Resources */ = {
			isa = PBXResourcesBuildPhase;
			buildActionMask = 2147483647;
			files = (
			);
			runOnlyForDeploymentPostprocessing = 0;
		};
/* End PBXResourcesBuildPhase section */

/* Begin PBXSourcesBuildPhase section */
		0419651629893C5F00F21C50 /* Sources */ = {
			isa = PBXSourcesBuildPhase;
			buildActionMask = 2147483647;
			files = (
				04D9C4F929A6A0950073ADBB /* LoadResourcePresentationAdapter.swift in Sources */,
				0419651E29893C5F00F21C50 /* AppDelegate.swift in Sources */,
				04D9C4F329A687900073ADBB /* CombineHelpers.swift in Sources */,
				04D9C4FB29A6A0ED0073ADBB /* FeedViewAdapter.swift in Sources */,
				0419652029893C5F00F21C50 /* SceneDelegate.swift in Sources */,
				04A064A829A6171C007E09D4 /* FeedUIComposer.swift in Sources */,
				04A064A629A6171C007E09D4 /* WeakRefVirtualProxy.swift in Sources */,
			);
			runOnlyForDeploymentPostprocessing = 0;
		};
		04C1D2AB29A0C7C10061CFEE /* Sources */ = {
			isa = PBXSourcesBuildPhase;
			buildActionMask = 2147483647;
			files = (
				040B41D129AFB6B5006E2D84 /* ListViewController+TestHelpers.swift in Sources */,
				04BBD64029A3F93300D17574 /* Shared.swift in Sources */,
				04BBD64429A3FA0400D17574 /* XCTestCase+MemoryLeakTracking.swift in Sources */,
				04D9C4FF29A6A4250073ADBB /* HTTPClientStub.swift in Sources */,
				040B41CB29AFB4CA006E2D84 /* LoaderSpy.swift in Sources */,
				040B41C929AFB49B006E2D84 /* FeedUIIntegrationTests+TestHelpers.swift in Sources */,
				04D9C50129A6A4300073ADBB /* InMemoryFeedStore.swift in Sources */,
				040B41CD29AFB566006E2D84 /* UIKit+TestHelpers.swift in Sources */,
				04D9C4FD29A6A2770073ADBB /* FeedAcceptanceTests.swift in Sources */,
				04A064AA29A62FC9007E09D4 /* FeedUIIntegrationTests.swift in Sources */,
				040B41CF29AFB5D7006E2D84 /* FeedImageCell+TestHelpers.swift in Sources */,
				04D9C4F529A69E310073ADBB /* SceneDelegateTests.swift in Sources */,
			);
			runOnlyForDeploymentPostprocessing = 0;
		};
/* End PBXSourcesBuildPhase section */

/* Begin PBXTargetDependency section */
		04C1D2B429A0C7C20061CFEE /* PBXTargetDependency */ = {
			isa = PBXTargetDependency;
			target = 0419651929893C5F00F21C50 /* ZZFeedApp */;
			targetProxy = 04C1D2B329A0C7C20061CFEE /* PBXContainerItemProxy */;
		};
/* End PBXTargetDependency section */

/* Begin PBXVariantGroup section */
		0419652329893C5F00F21C50 /* Main.storyboard */ = {
			isa = PBXVariantGroup;
			children = (
				0419652429893C5F00F21C50 /* Base */,
			);
			name = Main.storyboard;
			sourceTree = "<group>";
		};
		0419652829893C6000F21C50 /* LaunchScreen.storyboard */ = {
			isa = PBXVariantGroup;
			children = (
				0419652929893C6000F21C50 /* Base */,
			);
			name = LaunchScreen.storyboard;
			sourceTree = "<group>";
		};
/* End PBXVariantGroup section */

/* Begin XCBuildConfiguration section */
		0419652C29893C6000F21C50 /* Debug */ = {
			isa = XCBuildConfiguration;
			buildSettings = {
				ALWAYS_SEARCH_USER_PATHS = NO;
				CLANG_ANALYZER_NONNULL = YES;
				CLANG_ANALYZER_NUMBER_OBJECT_CONVERSION = YES_AGGRESSIVE;
				CLANG_CXX_LANGUAGE_STANDARD = "gnu++17";
				CLANG_ENABLE_MODULES = YES;
				CLANG_ENABLE_OBJC_ARC = YES;
				CLANG_ENABLE_OBJC_WEAK = YES;
				CLANG_WARN_BLOCK_CAPTURE_AUTORELEASING = YES;
				CLANG_WARN_BOOL_CONVERSION = YES;
				CLANG_WARN_COMMA = YES;
				CLANG_WARN_CONSTANT_CONVERSION = YES;
				CLANG_WARN_DEPRECATED_OBJC_IMPLEMENTATIONS = YES;
				CLANG_WARN_DIRECT_OBJC_ISA_USAGE = YES_ERROR;
				CLANG_WARN_DOCUMENTATION_COMMENTS = YES;
				CLANG_WARN_EMPTY_BODY = YES;
				CLANG_WARN_ENUM_CONVERSION = YES;
				CLANG_WARN_INFINITE_RECURSION = YES;
				CLANG_WARN_INT_CONVERSION = YES;
				CLANG_WARN_NON_LITERAL_NULL_CONVERSION = YES;
				CLANG_WARN_OBJC_IMPLICIT_RETAIN_SELF = YES;
				CLANG_WARN_OBJC_LITERAL_CONVERSION = YES;
				CLANG_WARN_OBJC_ROOT_CLASS = YES_ERROR;
				CLANG_WARN_QUOTED_INCLUDE_IN_FRAMEWORK_HEADER = YES;
				CLANG_WARN_RANGE_LOOP_ANALYSIS = YES;
				CLANG_WARN_STRICT_PROTOTYPES = YES;
				CLANG_WARN_SUSPICIOUS_MOVE = YES;
				CLANG_WARN_UNGUARDED_AVAILABILITY = YES_AGGRESSIVE;
				CLANG_WARN_UNREACHABLE_CODE = YES;
				CLANG_WARN__DUPLICATE_METHOD_MATCH = YES;
				COPY_PHASE_STRIP = NO;
				DEBUG_INFORMATION_FORMAT = dwarf;
				ENABLE_STRICT_OBJC_MSGSEND = YES;
				ENABLE_TESTABILITY = YES;
				GCC_C_LANGUAGE_STANDARD = gnu11;
				GCC_DYNAMIC_NO_PIC = NO;
				GCC_NO_COMMON_BLOCKS = YES;
				GCC_OPTIMIZATION_LEVEL = 0;
				GCC_PREPROCESSOR_DEFINITIONS = (
					"DEBUG=1",
					"$(inherited)",
				);
				GCC_WARN_64_TO_32_BIT_CONVERSION = YES;
				GCC_WARN_ABOUT_RETURN_TYPE = YES_ERROR;
				GCC_WARN_UNDECLARED_SELECTOR = YES;
				GCC_WARN_UNINITIALIZED_AUTOS = YES_AGGRESSIVE;
				GCC_WARN_UNUSED_FUNCTION = YES;
				GCC_WARN_UNUSED_VARIABLE = YES;
				IPHONEOS_DEPLOYMENT_TARGET = 15.5;
				MTL_ENABLE_DEBUG_INFO = INCLUDE_SOURCE;
				MTL_FAST_MATH = YES;
				ONLY_ACTIVE_ARCH = YES;
				SDKROOT = iphoneos;
				SWIFT_ACTIVE_COMPILATION_CONDITIONS = DEBUG;
				SWIFT_OPTIMIZATION_LEVEL = "-Onone";
			};
			name = Debug;
		};
		0419652D29893C6000F21C50 /* Release */ = {
			isa = XCBuildConfiguration;
			buildSettings = {
				ALWAYS_SEARCH_USER_PATHS = NO;
				CLANG_ANALYZER_NONNULL = YES;
				CLANG_ANALYZER_NUMBER_OBJECT_CONVERSION = YES_AGGRESSIVE;
				CLANG_CXX_LANGUAGE_STANDARD = "gnu++17";
				CLANG_ENABLE_MODULES = YES;
				CLANG_ENABLE_OBJC_ARC = YES;
				CLANG_ENABLE_OBJC_WEAK = YES;
				CLANG_WARN_BLOCK_CAPTURE_AUTORELEASING = YES;
				CLANG_WARN_BOOL_CONVERSION = YES;
				CLANG_WARN_COMMA = YES;
				CLANG_WARN_CONSTANT_CONVERSION = YES;
				CLANG_WARN_DEPRECATED_OBJC_IMPLEMENTATIONS = YES;
				CLANG_WARN_DIRECT_OBJC_ISA_USAGE = YES_ERROR;
				CLANG_WARN_DOCUMENTATION_COMMENTS = YES;
				CLANG_WARN_EMPTY_BODY = YES;
				CLANG_WARN_ENUM_CONVERSION = YES;
				CLANG_WARN_INFINITE_RECURSION = YES;
				CLANG_WARN_INT_CONVERSION = YES;
				CLANG_WARN_NON_LITERAL_NULL_CONVERSION = YES;
				CLANG_WARN_OBJC_IMPLICIT_RETAIN_SELF = YES;
				CLANG_WARN_OBJC_LITERAL_CONVERSION = YES;
				CLANG_WARN_OBJC_ROOT_CLASS = YES_ERROR;
				CLANG_WARN_QUOTED_INCLUDE_IN_FRAMEWORK_HEADER = YES;
				CLANG_WARN_RANGE_LOOP_ANALYSIS = YES;
				CLANG_WARN_STRICT_PROTOTYPES = YES;
				CLANG_WARN_SUSPICIOUS_MOVE = YES;
				CLANG_WARN_UNGUARDED_AVAILABILITY = YES_AGGRESSIVE;
				CLANG_WARN_UNREACHABLE_CODE = YES;
				CLANG_WARN__DUPLICATE_METHOD_MATCH = YES;
				COPY_PHASE_STRIP = NO;
				DEBUG_INFORMATION_FORMAT = "dwarf-with-dsym";
				ENABLE_NS_ASSERTIONS = NO;
				ENABLE_STRICT_OBJC_MSGSEND = YES;
				GCC_C_LANGUAGE_STANDARD = gnu11;
				GCC_NO_COMMON_BLOCKS = YES;
				GCC_WARN_64_TO_32_BIT_CONVERSION = YES;
				GCC_WARN_ABOUT_RETURN_TYPE = YES_ERROR;
				GCC_WARN_UNDECLARED_SELECTOR = YES;
				GCC_WARN_UNINITIALIZED_AUTOS = YES_AGGRESSIVE;
				GCC_WARN_UNUSED_FUNCTION = YES;
				GCC_WARN_UNUSED_VARIABLE = YES;
				IPHONEOS_DEPLOYMENT_TARGET = 15.5;
				MTL_ENABLE_DEBUG_INFO = NO;
				MTL_FAST_MATH = YES;
				SDKROOT = iphoneos;
				SWIFT_COMPILATION_MODE = wholemodule;
				SWIFT_OPTIMIZATION_LEVEL = "-O";
				VALIDATE_PRODUCT = YES;
			};
			name = Release;
		};
		0419652F29893C6000F21C50 /* Debug */ = {
			isa = XCBuildConfiguration;
			buildSettings = {
				ASSETCATALOG_COMPILER_APPICON_NAME = AppIcon;
				ASSETCATALOG_COMPILER_GLOBAL_ACCENT_COLOR_NAME = AccentColor;
				CODE_SIGN_STYLE = Automatic;
				CURRENT_PROJECT_VERSION = 1;
				GENERATE_INFOPLIST_FILE = YES;
				INFOPLIST_FILE = ZZFeedApp/Info.plist;
				INFOPLIST_KEY_UIApplicationSupportsIndirectInputEvents = YES;
				INFOPLIST_KEY_UILaunchStoryboardName = LaunchScreen;
				INFOPLIST_KEY_UIMainStoryboardFile = Main;
				INFOPLIST_KEY_UISupportedInterfaceOrientations_iPad = "UIInterfaceOrientationPortrait UIInterfaceOrientationPortraitUpsideDown UIInterfaceOrientationLandscapeLeft UIInterfaceOrientationLandscapeRight";
				INFOPLIST_KEY_UISupportedInterfaceOrientations_iPhone = "UIInterfaceOrientationPortrait UIInterfaceOrientationLandscapeLeft UIInterfaceOrientationLandscapeRight";
				IPHONEOS_DEPLOYMENT_TARGET = 15.0;
				LD_RUNPATH_SEARCH_PATHS = (
					"$(inherited)",
					"@executable_path/Frameworks",
				);
				MARKETING_VERSION = 1.0;
				PRODUCT_BUNDLE_IDENTIFIER = com.zzmasoud.ZZFeedApp;
				PRODUCT_NAME = "$(TARGET_NAME)";
				SWIFT_EMIT_LOC_STRINGS = YES;
				SWIFT_VERSION = 5.0;
				TARGETED_DEVICE_FAMILY = 1;
			};
			name = Debug;
		};
		0419653029893C6000F21C50 /* Release */ = {
			isa = XCBuildConfiguration;
			buildSettings = {
				ASSETCATALOG_COMPILER_APPICON_NAME = AppIcon;
				ASSETCATALOG_COMPILER_GLOBAL_ACCENT_COLOR_NAME = AccentColor;
				CODE_SIGN_STYLE = Automatic;
				CURRENT_PROJECT_VERSION = 1;
				GENERATE_INFOPLIST_FILE = YES;
				INFOPLIST_FILE = ZZFeedApp/Info.plist;
				INFOPLIST_KEY_UIApplicationSupportsIndirectInputEvents = YES;
				INFOPLIST_KEY_UILaunchStoryboardName = LaunchScreen;
				INFOPLIST_KEY_UIMainStoryboardFile = Main;
				INFOPLIST_KEY_UISupportedInterfaceOrientations_iPad = "UIInterfaceOrientationPortrait UIInterfaceOrientationPortraitUpsideDown UIInterfaceOrientationLandscapeLeft UIInterfaceOrientationLandscapeRight";
				INFOPLIST_KEY_UISupportedInterfaceOrientations_iPhone = "UIInterfaceOrientationPortrait UIInterfaceOrientationLandscapeLeft UIInterfaceOrientationLandscapeRight";
				IPHONEOS_DEPLOYMENT_TARGET = 15.0;
				LD_RUNPATH_SEARCH_PATHS = (
					"$(inherited)",
					"@executable_path/Frameworks",
				);
				MARKETING_VERSION = 1.0;
				PRODUCT_BUNDLE_IDENTIFIER = com.zzmasoud.ZZFeedApp;
				PRODUCT_NAME = "$(TARGET_NAME)";
				SWIFT_EMIT_LOC_STRINGS = YES;
				SWIFT_VERSION = 5.0;
				TARGETED_DEVICE_FAMILY = 1;
			};
			name = Release;
		};
		04C1D2B529A0C7C20061CFEE /* Debug */ = {
			isa = XCBuildConfiguration;
			buildSettings = {
				BUNDLE_LOADER = "$(TEST_HOST)";
				CLANG_CXX_LANGUAGE_STANDARD = "gnu++20";
				CODE_SIGN_STYLE = Automatic;
				CURRENT_PROJECT_VERSION = 1;
				GENERATE_INFOPLIST_FILE = YES;
				IPHONEOS_DEPLOYMENT_TARGET = 16.0;
				MARKETING_VERSION = 1.0;
				PRODUCT_BUNDLE_IDENTIFIER = com.zzmasoud.ZZFeedAppTests;
				PRODUCT_NAME = "$(TARGET_NAME)";
				SWIFT_EMIT_LOC_STRINGS = NO;
				SWIFT_VERSION = 5.0;
				TARGETED_DEVICE_FAMILY = "1,2";
				TEST_HOST = "$(BUILT_PRODUCTS_DIR)/ZZFeedApp.app/$(BUNDLE_EXECUTABLE_FOLDER_PATH)/ZZFeedApp";
			};
			name = Debug;
		};
		04C1D2B629A0C7C20061CFEE /* Release */ = {
			isa = XCBuildConfiguration;
			buildSettings = {
				BUNDLE_LOADER = "$(TEST_HOST)";
				CLANG_CXX_LANGUAGE_STANDARD = "gnu++20";
				CODE_SIGN_STYLE = Automatic;
				CURRENT_PROJECT_VERSION = 1;
				GENERATE_INFOPLIST_FILE = YES;
				IPHONEOS_DEPLOYMENT_TARGET = 16.0;
				MARKETING_VERSION = 1.0;
				PRODUCT_BUNDLE_IDENTIFIER = com.zzmasoud.ZZFeedAppTests;
				PRODUCT_NAME = "$(TARGET_NAME)";
				SWIFT_EMIT_LOC_STRINGS = NO;
				SWIFT_VERSION = 5.0;
				TARGETED_DEVICE_FAMILY = "1,2";
				TEST_HOST = "$(BUILT_PRODUCTS_DIR)/ZZFeedApp.app/$(BUNDLE_EXECUTABLE_FOLDER_PATH)/ZZFeedApp";
			};
			name = Release;
		};
/* End XCBuildConfiguration section */

/* Begin XCConfigurationList section */
		0419651529893C5F00F21C50 /* Build configuration list for PBXProject "ZZFeedApp" */ = {
			isa = XCConfigurationList;
			buildConfigurations = (
				0419652C29893C6000F21C50 /* Debug */,
				0419652D29893C6000F21C50 /* Release */,
			);
			defaultConfigurationIsVisible = 0;
			defaultConfigurationName = Release;
		};
		0419652E29893C6000F21C50 /* Build configuration list for PBXNativeTarget "ZZFeedApp" */ = {
			isa = XCConfigurationList;
			buildConfigurations = (
				0419652F29893C6000F21C50 /* Debug */,
				0419653029893C6000F21C50 /* Release */,
			);
			defaultConfigurationIsVisible = 0;
			defaultConfigurationName = Release;
		};
		04C1D2B729A0C7C20061CFEE /* Build configuration list for PBXNativeTarget "ZZFeedAppTests" */ = {
			isa = XCConfigurationList;
			buildConfigurations = (
				04C1D2B529A0C7C20061CFEE /* Debug */,
				04C1D2B629A0C7C20061CFEE /* Release */,
			);
			defaultConfigurationIsVisible = 0;
			defaultConfigurationName = Release;
		};
/* End XCConfigurationList section */
	};
	rootObject = 0419651229893C5F00F21C50 /* Project object */;
}
