// !$*UTF8*$!
{
	archiveVersion = 1;
	classes = {
	};
	objectVersion = 55;
	objects = {

/* Begin PBXBuildFile section */
		040603D0298295420061D6CD /* LocalFeedImageDataLoaderTests.swift in Sources */ = {isa = PBXBuildFile; fileRef = 040603CF298295420061D6CD /* LocalFeedImageDataLoaderTests.swift */; };
		040603D22982A5E50061D6CD /* LocalFeedItemDataLoader.swift in Sources */ = {isa = PBXBuildFile; fileRef = 040603D12982A5E50061D6CD /* LocalFeedItemDataLoader.swift */; };
		040A8C3129659E260093F6E6 /* FeedItemCellController.swift in Sources */ = {isa = PBXBuildFile; fileRef = 040A8C3029659E260093F6E6 /* FeedItemCellController.swift */; };
		040A8C342965A30F0093F6E6 /* FeedUIComposer.swift in Sources */ = {isa = PBXBuildFile; fileRef = 040A8C332965A30F0093F6E6 /* FeedUIComposer.swift */; };
		040A9393289CF4D300BF46B2 /* URLSessionHttpClientTests.swift in Sources */ = {isa = PBXBuildFile; fileRef = 040A9392289CF4D300BF46B2 /* URLSessionHttpClientTests.swift */; };
		041F4F1228ABC569008E5440 /* CacheFeedUseCaseTests.swift in Sources */ = {isa = PBXBuildFile; fileRef = 041F4F1128ABC569008E5440 /* CacheFeedUseCaseTests.swift */; };
		0420D38229A0113100FB9A4E /* MainQueueDispatchDecorator.swift in Sources */ = {isa = PBXBuildFile; fileRef = 0420D38129A0113100FB9A4E /* MainQueueDispatchDecorator.swift */; };
		0420D38429A011FF00FB9A4E /* WeakRefVirtualProxy.swift in Sources */ = {isa = PBXBuildFile; fileRef = 0420D38329A011FF00FB9A4E /* WeakRefVirtualProxy.swift */; };
		0420D38729A0151500FB9A4E /* FeedPresentationTests.swift in Sources */ = {isa = PBXBuildFile; fileRef = 0420D38629A0151500FB9A4E /* FeedPresentationTests.swift */; };
		0424C45628A28BA900675D4F /* ZZFeedAPIEndToEndTests.swift in Sources */ = {isa = PBXBuildFile; fileRef = 0424C45528A28BA900675D4F /* ZZFeedAPIEndToEndTests.swift */; };
		0424C45728A28BA900675D4F /* ZZFeed.framework in Frameworks */ = {isa = PBXBuildFile; fileRef = 04871BE8289924B9006BCEB4 /* ZZFeed.framework */; };
		0424C45D28A28D8F00675D4F /* XCTestCase+MemoryLeakTracking.swift in Sources */ = {isa = PBXBuildFile; fileRef = 04AC600B28A277DB00EC60C3 /* XCTestCase+MemoryLeakTracking.swift */; };
		042704EC28BD41E5004599A7 /* LocalFeedItem.swift in Sources */ = {isa = PBXBuildFile; fileRef = 042704EB28BD41E5004599A7 /* LocalFeedItem.swift */; };
		042704EE28BD421F004599A7 /* RemoteFeedItem.swift in Sources */ = {isa = PBXBuildFile; fileRef = 042704ED28BD421F004599A7 /* RemoteFeedItem.swift */; };
		0438C50329497B4F001FD9BB /* XCTestCase+FeedStoreSpecs.swift in Sources */ = {isa = PBXBuildFile; fileRef = 0438C50229497B4F001FD9BB /* XCTestCase+FeedStoreSpecs.swift */; };
		045EB247296047B400483203 /* FeedUIIntegrationTests.swift in Sources */ = {isa = PBXBuildFile; fileRef = 045EB246296047B400483203 /* FeedUIIntegrationTests.swift */; };
		045EB2492960517E00483203 /* ZZFeed.framework in Frameworks */ = {isa = PBXBuildFile; fileRef = 04871BE8289924B9006BCEB4 /* ZZFeed.framework */; };
		045EB24A2960517E00483203 /* ZZFeed.framework in Embed Frameworks */ = {isa = PBXBuildFile; fileRef = 04871BE8289924B9006BCEB4 /* ZZFeed.framework */; settings = {ATTRIBUTES = (CodeSignOnCopy, RemoveHeadersOnCopy, ); }; };
		045EB2502960607A00483203 /* FeedViewController.swift in Sources */ = {isa = PBXBuildFile; fileRef = 045EB24F2960607A00483203 /* FeedViewController.swift */; };
		04634FEB28C25C0200AC05AB /* ValidateFeedCacheUseCaseTests.swift in Sources */ = {isa = PBXBuildFile; fileRef = 04634FEA28C25C0200AC05AB /* ValidateFeedCacheUseCaseTests.swift */; };
		04715F70296AC11B006EDF65 /* FeedItemViewModel.swift in Sources */ = {isa = PBXBuildFile; fileRef = 04715F6F296AC11B006EDF65 /* FeedItemViewModel.swift */; };
		047868DD289A91CC0013E8DB /* FeedLoader.swift in Sources */ = {isa = PBXBuildFile; fileRef = 047868DC289A91CC0013E8DB /* FeedLoader.swift */; };
		04789989289AB19B00A38697 /* LoadFeedFromRemoteUseCaseTests.swift in Sources */ = {isa = PBXBuildFile; fileRef = 04789988289AB19B00A38697 /* LoadFeedFromRemoteUseCaseTests.swift */; };
		0478998C289ABDB300A38697 /* FeedAPI.swift in Sources */ = {isa = PBXBuildFile; fileRef = 0478998B289ABDB300A38697 /* FeedAPI.swift */; };
		047F4B082983F04700BD3C94 /* FeedItemDataStoreSpy.swift in Sources */ = {isa = PBXBuildFile; fileRef = 047F4B072983F04700BD3C94 /* FeedItemDataStoreSpy.swift */; };
		047F4B0A2983F0F300BD3C94 /* CacheFeedItemDataUseCaseTests.swift in Sources */ = {isa = PBXBuildFile; fileRef = 047F4B092983F0F300BD3C94 /* CacheFeedItemDataUseCaseTests.swift */; };
		047F4B0B2983F17100BD3C94 /* XCTestCase+MemoryLeakTracking.swift in Sources */ = {isa = PBXBuildFile; fileRef = 04AC600B28A277DB00EC60C3 /* XCTestCase+MemoryLeakTracking.swift */; };
		047F4B0C2983F17200BD3C94 /* XCTestCase+MemoryLeakTracking.swift in Sources */ = {isa = PBXBuildFile; fileRef = 04AC600B28A277DB00EC60C3 /* XCTestCase+MemoryLeakTracking.swift */; };
		048626AA299D31BF005B74E7 /* Feed.storyboard in Resources */ = {isa = PBXBuildFile; fileRef = 048626A9299D31BF005B74E7 /* Feed.storyboard */; };
		048626AC299D3F2C005B74E7 /* UITableView+dequeue.swift in Sources */ = {isa = PBXBuildFile; fileRef = 048626AB299D3F2C005B74E7 /* UITableView+dequeue.swift */; };
		048626AE299D417E005B74E7 /* UIImageView+animations.swift in Sources */ = {isa = PBXBuildFile; fileRef = 048626AD299D417E005B74E7 /* UIImageView+animations.swift */; };
		04871BF3289924B9006BCEB4 /* ZZFeed.framework in Frameworks */ = {isa = PBXBuildFile; fileRef = 04871BE8289924B9006BCEB4 /* ZZFeed.framework */; };
		04871C03289924C9006BCEB4 /* FeedItem.swift in Sources */ = {isa = PBXBuildFile; fileRef = 04871C02289924C9006BCEB4 /* FeedItem.swift */; };
		048FCD2F295EFFD90093F747 /* ZZFeediOS.framework in Frameworks */ = {isa = PBXBuildFile; fileRef = 048FCD27295EFFD80093F747 /* ZZFeediOS.framework */; };
		04A18AE128B7F96B00242DAA /* LoadFeedFromCacheUseCaseTests.swift in Sources */ = {isa = PBXBuildFile; fileRef = 04A18AE028B7F96B00242DAA /* LoadFeedFromCacheUseCaseTests.swift */; };
		04A2EC70298002BD00D93403 /* HttpClientSpy.swift in Sources */ = {isa = PBXBuildFile; fileRef = 04A2EC6F298002BD00D93403 /* HttpClientSpy.swift */; };
		04A2EC722980038300D93403 /* RemoteFeedItemDataLoader.swift in Sources */ = {isa = PBXBuildFile; fileRef = 04A2EC712980038300D93403 /* RemoteFeedItemDataLoader.swift */; };
		04A2EC792981863100D93403 /* HTTPURLResponse+StatusCode.swift in Sources */ = {isa = PBXBuildFile; fileRef = 04A2EC76298185B300D93403 /* HTTPURLResponse+StatusCode.swift */; };
		04A2EC7B298186A000D93403 /* URLProtocolStub.swift in Sources */ = {isa = PBXBuildFile; fileRef = 04A2EC7A298186A000D93403 /* URLProtocolStub.swift */; };
		04ABF37428CA6EF300E6B326 /* FeedCachePolicy.swift in Sources */ = {isa = PBXBuildFile; fileRef = 04ABF37328CA6EF300E6B326 /* FeedCachePolicy.swift */; };
		04ABF37628CA723700E6B326 /* FeedCacheTestHelpers.swift in Sources */ = {isa = PBXBuildFile; fileRef = 04ABF37528CA723700E6B326 /* FeedCacheTestHelpers.swift */; };
		04AC600928A2777900EC60C3 /* URLSessionHTTPClient.swift in Sources */ = {isa = PBXBuildFile; fileRef = 04AC600828A2777900EC60C3 /* URLSessionHTTPClient.swift */; };
		04AD07B42979C3DA0098E9E5 /* FeedItemDataLoader.swift in Sources */ = {isa = PBXBuildFile; fileRef = 04AD07B32979C3DA0098E9E5 /* FeedItemDataLoader.swift */; };
		04AD07B62979C3DA0098E9E5 /* LoadFeedItemImageDataFromRemoteUseCaseTests.swift in Sources */ = {isa = PBXBuildFile; fileRef = 04AD07B52979C3DA0098E9E5 /* LoadFeedItemImageDataFromRemoteUseCaseTests.swift */; };
		04AEDB02298FA3350009809E /* FeedPresenter.swift in Sources */ = {isa = PBXBuildFile; fileRef = 04AEDB01298FA3350009809E /* FeedPresenter.swift */; };
		04AEDB05299255300009809E /* FeedImagePresenter.swift in Sources */ = {isa = PBXBuildFile; fileRef = 04AEDB04299255300009809E /* FeedImagePresenter.swift */; };
		04AEDB082993E11B0009809E /* FeedLoadingViewModel.swift in Sources */ = {isa = PBXBuildFile; fileRef = 04AEDB072993E11B0009809E /* FeedLoadingViewModel.swift */; };
		04AEDB0A2993E1420009809E /* FeedViewModel.swift in Sources */ = {isa = PBXBuildFile; fileRef = 04AEDB092993E1420009809E /* FeedViewModel.swift */; };
		04B1BA0128BA3B5900DDE9F5 /* FeedStoreSpy.swift in Sources */ = {isa = PBXBuildFile; fileRef = 04B1BA0028BA3B5900DDE9F5 /* FeedStoreSpy.swift */; };
		04B94DC1289C9587002C18B3 /* HttpClient.swift in Sources */ = {isa = PBXBuildFile; fileRef = 04B94DC0289C9587002C18B3 /* HttpClient.swift */; };
		04B94DC3289C9985002C18B3 /* FeedItemsMapper.swift in Sources */ = {isa = PBXBuildFile; fileRef = 04B94DC2289C9985002C18B3 /* FeedItemsMapper.swift */; };
		04BCA14428B249690076A760 /* LocalFeedLoader.swift in Sources */ = {isa = PBXBuildFile; fileRef = 04BCA14328B249690076A760 /* LocalFeedLoader.swift */; };
		04BCA14628B249C20076A760 /* FeedStore.swift in Sources */ = {isa = PBXBuildFile; fileRef = 04BCA14528B249C20076A760 /* FeedStore.swift */; };
		04C347C5293D006400DC1D29 /* CodableFeedStoreTests.swift in Sources */ = {isa = PBXBuildFile; fileRef = 04C347C4293D006400DC1D29 /* CodableFeedStoreTests.swift */; };
		04CA42502961B9B1005BC7F8 /* FeedItemCell.swift in Sources */ = {isa = PBXBuildFile; fileRef = 04CA424F2961B9B0005BC7F8 /* FeedItemCell.swift */; };
		04CC87C32947627A00B84748 /* CodableFeedStore.swift in Sources */ = {isa = PBXBuildFile; fileRef = 04CC87C22947627A00B84748 /* CodableFeedStore.swift */; };
		04CC87C52948F48900B84748 /* FeedStoreSpecs.swift in Sources */ = {isa = PBXBuildFile; fileRef = 04CC87C42948F48900B84748 /* FeedStoreSpecs.swift */; };
		04D12EE428C67FE400887712 /* HelperMethods.swift in Sources */ = {isa = PBXBuildFile; fileRef = 04D12EE328C67FE400887712 /* HelperMethods.swift */; };
		04E57EBC2978748C0086B23F /* Feed.strings in Resources */ = {isa = PBXBuildFile; fileRef = 04E57EBB2978748C0086B23F /* Feed.strings */; };
/* End PBXBuildFile section */

/* Begin PBXContainerItemProxy section */
		0424C45828A28BA900675D4F /* PBXContainerItemProxy */ = {
			isa = PBXContainerItemProxy;
			containerPortal = 04871BDF289924B9006BCEB4 /* Project object */;
			proxyType = 1;
			remoteGlobalIDString = 04871BE7289924B9006BCEB4;
			remoteInfo = ZZFeed;
		};
		045EB24B2960517E00483203 /* PBXContainerItemProxy */ = {
			isa = PBXContainerItemProxy;
			containerPortal = 04871BDF289924B9006BCEB4 /* Project object */;
			proxyType = 1;
			remoteGlobalIDString = 04871BE7289924B9006BCEB4;
			remoteInfo = ZZFeed;
		};
		04871BF4289924B9006BCEB4 /* PBXContainerItemProxy */ = {
			isa = PBXContainerItemProxy;
			containerPortal = 04871BDF289924B9006BCEB4 /* Project object */;
			proxyType = 1;
			remoteGlobalIDString = 04871BE7289924B9006BCEB4;
			remoteInfo = ZZFeed;
		};
		048FCD30295EFFD90093F747 /* PBXContainerItemProxy */ = {
			isa = PBXContainerItemProxy;
			containerPortal = 04871BDF289924B9006BCEB4 /* Project object */;
			proxyType = 1;
			remoteGlobalIDString = 048FCD26295EFFD80093F747;
			remoteInfo = ZZFeediOS;
		};
/* End PBXContainerItemProxy section */

/* Begin PBXCopyFilesBuildPhase section */
		045EB24D2960517E00483203 /* Embed Frameworks */ = {
			isa = PBXCopyFilesBuildPhase;
			buildActionMask = 2147483647;
			dstPath = "";
			dstSubfolderSpec = 10;
			files = (
				045EB24A2960517E00483203 /* ZZFeed.framework in Embed Frameworks */,
			);
			name = "Embed Frameworks";
			runOnlyForDeploymentPostprocessing = 0;
		};
/* End PBXCopyFilesBuildPhase section */

/* Begin PBXFileReference section */
		040603CF298295420061D6CD /* LocalFeedImageDataLoaderTests.swift */ = {isa = PBXFileReference; lastKnownFileType = sourcecode.swift; path = LocalFeedImageDataLoaderTests.swift; sourceTree = "<group>"; };
		040603D12982A5E50061D6CD /* LocalFeedItemDataLoader.swift */ = {isa = PBXFileReference; lastKnownFileType = sourcecode.swift; path = LocalFeedItemDataLoader.swift; sourceTree = "<group>"; };
		040A8C3029659E260093F6E6 /* FeedItemCellController.swift */ = {isa = PBXFileReference; lastKnownFileType = sourcecode.swift; path = FeedItemCellController.swift; sourceTree = "<group>"; };
		040A8C332965A30F0093F6E6 /* FeedUIComposer.swift */ = {isa = PBXFileReference; lastKnownFileType = sourcecode.swift; path = FeedUIComposer.swift; sourceTree = "<group>"; };
		040A9392289CF4D300BF46B2 /* URLSessionHttpClientTests.swift */ = {isa = PBXFileReference; lastKnownFileType = sourcecode.swift; path = URLSessionHttpClientTests.swift; sourceTree = "<group>"; };
		041F4F1128ABC569008E5440 /* CacheFeedUseCaseTests.swift */ = {isa = PBXFileReference; lastKnownFileType = sourcecode.swift; path = CacheFeedUseCaseTests.swift; sourceTree = "<group>"; };
		0420D38129A0113100FB9A4E /* MainQueueDispatchDecorator.swift */ = {isa = PBXFileReference; lastKnownFileType = sourcecode.swift; path = MainQueueDispatchDecorator.swift; sourceTree = "<group>"; };
		0420D38329A011FF00FB9A4E /* WeakRefVirtualProxy.swift */ = {isa = PBXFileReference; lastKnownFileType = sourcecode.swift; path = WeakRefVirtualProxy.swift; sourceTree = "<group>"; };
		0420D38629A0151500FB9A4E /* FeedPresentationTests.swift */ = {isa = PBXFileReference; lastKnownFileType = sourcecode.swift; path = FeedPresentationTests.swift; sourceTree = "<group>"; };
		0424C45328A28BA900675D4F /* ZZFeedAPIEndToEndTests.xctest */ = {isa = PBXFileReference; explicitFileType = wrapper.cfbundle; includeInIndex = 0; path = ZZFeedAPIEndToEndTests.xctest; sourceTree = BUILT_PRODUCTS_DIR; };
		0424C45528A28BA900675D4F /* ZZFeedAPIEndToEndTests.swift */ = {isa = PBXFileReference; lastKnownFileType = sourcecode.swift; path = ZZFeedAPIEndToEndTests.swift; sourceTree = "<group>"; };
		042704EB28BD41E5004599A7 /* LocalFeedItem.swift */ = {isa = PBXFileReference; lastKnownFileType = sourcecode.swift; path = LocalFeedItem.swift; sourceTree = "<group>"; };
		042704ED28BD421F004599A7 /* RemoteFeedItem.swift */ = {isa = PBXFileReference; lastKnownFileType = sourcecode.swift; path = RemoteFeedItem.swift; sourceTree = "<group>"; };
		0438C50229497B4F001FD9BB /* XCTestCase+FeedStoreSpecs.swift */ = {isa = PBXFileReference; lastKnownFileType = sourcecode.swift; path = "XCTestCase+FeedStoreSpecs.swift"; sourceTree = "<group>"; };
		045EB246296047B400483203 /* FeedUIIntegrationTests.swift */ = {isa = PBXFileReference; lastKnownFileType = sourcecode.swift; path = FeedUIIntegrationTests.swift; sourceTree = "<group>"; };
		045EB24F2960607A00483203 /* FeedViewController.swift */ = {isa = PBXFileReference; lastKnownFileType = sourcecode.swift; path = FeedViewController.swift; sourceTree = "<group>"; };
		04634FEA28C25C0200AC05AB /* ValidateFeedCacheUseCaseTests.swift */ = {isa = PBXFileReference; lastKnownFileType = sourcecode.swift; path = ValidateFeedCacheUseCaseTests.swift; sourceTree = "<group>"; };
		04715F6F296AC11B006EDF65 /* FeedItemViewModel.swift */ = {isa = PBXFileReference; lastKnownFileType = sourcecode.swift; path = FeedItemViewModel.swift; sourceTree = "<group>"; };
		047868DC289A91CC0013E8DB /* FeedLoader.swift */ = {isa = PBXFileReference; lastKnownFileType = sourcecode.swift; path = FeedLoader.swift; sourceTree = "<group>"; };
		04789988289AB19B00A38697 /* LoadFeedFromRemoteUseCaseTests.swift */ = {isa = PBXFileReference; lastKnownFileType = sourcecode.swift; path = LoadFeedFromRemoteUseCaseTests.swift; sourceTree = "<group>"; };
		0478998B289ABDB300A38697 /* FeedAPI.swift */ = {isa = PBXFileReference; lastKnownFileType = sourcecode.swift; path = FeedAPI.swift; sourceTree = "<group>"; };
		047F4B072983F04700BD3C94 /* FeedItemDataStoreSpy.swift */ = {isa = PBXFileReference; lastKnownFileType = sourcecode.swift; path = FeedItemDataStoreSpy.swift; sourceTree = "<group>"; };
		047F4B092983F0F300BD3C94 /* CacheFeedItemDataUseCaseTests.swift */ = {isa = PBXFileReference; lastKnownFileType = sourcecode.swift; path = CacheFeedItemDataUseCaseTests.swift; sourceTree = "<group>"; };
		048626A9299D31BF005B74E7 /* Feed.storyboard */ = {isa = PBXFileReference; lastKnownFileType = file.storyboard; path = Feed.storyboard; sourceTree = "<group>"; };
		048626AB299D3F2C005B74E7 /* UITableView+dequeue.swift */ = {isa = PBXFileReference; lastKnownFileType = sourcecode.swift; path = "UITableView+dequeue.swift"; sourceTree = "<group>"; };
		048626AD299D417E005B74E7 /* UIImageView+animations.swift */ = {isa = PBXFileReference; lastKnownFileType = sourcecode.swift; path = "UIImageView+animations.swift"; sourceTree = "<group>"; };
		04871BE8289924B9006BCEB4 /* ZZFeed.framework */ = {isa = PBXFileReference; explicitFileType = wrapper.framework; includeInIndex = 0; path = ZZFeed.framework; sourceTree = BUILT_PRODUCTS_DIR; };
		04871BF2289924B9006BCEB4 /* ZZFeedTests.xctest */ = {isa = PBXFileReference; explicitFileType = wrapper.cfbundle; includeInIndex = 0; path = ZZFeedTests.xctest; sourceTree = BUILT_PRODUCTS_DIR; };
		04871C02289924C9006BCEB4 /* FeedItem.swift */ = {isa = PBXFileReference; lastKnownFileType = sourcecode.swift; path = FeedItem.swift; sourceTree = "<group>"; };
		048FCD27295EFFD80093F747 /* ZZFeediOS.framework */ = {isa = PBXFileReference; explicitFileType = wrapper.framework; includeInIndex = 0; path = ZZFeediOS.framework; sourceTree = BUILT_PRODUCTS_DIR; };
		048FCD2E295EFFD90093F747 /* ZZFeediOSTests.xctest */ = {isa = PBXFileReference; explicitFileType = wrapper.cfbundle; includeInIndex = 0; path = ZZFeediOSTests.xctest; sourceTree = BUILT_PRODUCTS_DIR; };
		04A18AE028B7F96B00242DAA /* LoadFeedFromCacheUseCaseTests.swift */ = {isa = PBXFileReference; lastKnownFileType = sourcecode.swift; path = LoadFeedFromCacheUseCaseTests.swift; sourceTree = "<group>"; };
		04A2EC6F298002BD00D93403 /* HttpClientSpy.swift */ = {isa = PBXFileReference; lastKnownFileType = sourcecode.swift; path = HttpClientSpy.swift; sourceTree = "<group>"; };
		04A2EC712980038300D93403 /* RemoteFeedItemDataLoader.swift */ = {isa = PBXFileReference; lastKnownFileType = sourcecode.swift; path = RemoteFeedItemDataLoader.swift; sourceTree = "<group>"; };
		04A2EC76298185B300D93403 /* HTTPURLResponse+StatusCode.swift */ = {isa = PBXFileReference; lastKnownFileType = sourcecode.swift; path = "HTTPURLResponse+StatusCode.swift"; sourceTree = "<group>"; };
		04A2EC7A298186A000D93403 /* URLProtocolStub.swift */ = {isa = PBXFileReference; lastKnownFileType = sourcecode.swift; path = URLProtocolStub.swift; sourceTree = "<group>"; };
		04ABF37328CA6EF300E6B326 /* FeedCachePolicy.swift */ = {isa = PBXFileReference; lastKnownFileType = sourcecode.swift; path = FeedCachePolicy.swift; sourceTree = "<group>"; };
		04ABF37528CA723700E6B326 /* FeedCacheTestHelpers.swift */ = {isa = PBXFileReference; lastKnownFileType = sourcecode.swift; path = FeedCacheTestHelpers.swift; sourceTree = "<group>"; };
		04AC600828A2777900EC60C3 /* URLSessionHTTPClient.swift */ = {isa = PBXFileReference; lastKnownFileType = sourcecode.swift; path = URLSessionHTTPClient.swift; sourceTree = "<group>"; };
		04AC600B28A277DB00EC60C3 /* XCTestCase+MemoryLeakTracking.swift */ = {isa = PBXFileReference; lastKnownFileType = sourcecode.swift; path = "XCTestCase+MemoryLeakTracking.swift"; sourceTree = "<group>"; };
		04AD07B32979C3DA0098E9E5 /* FeedItemDataLoader.swift */ = {isa = PBXFileReference; lastKnownFileType = sourcecode.swift; path = FeedItemDataLoader.swift; sourceTree = "<group>"; };
		04AD07B52979C3DA0098E9E5 /* LoadFeedItemImageDataFromRemoteUseCaseTests.swift */ = {isa = PBXFileReference; lastKnownFileType = sourcecode.swift; path = LoadFeedItemImageDataFromRemoteUseCaseTests.swift; sourceTree = "<group>"; };
		04AEDB01298FA3350009809E /* FeedPresenter.swift */ = {isa = PBXFileReference; lastKnownFileType = sourcecode.swift; path = FeedPresenter.swift; sourceTree = "<group>"; };
		04AEDB04299255300009809E /* FeedImagePresenter.swift */ = {isa = PBXFileReference; lastKnownFileType = sourcecode.swift; path = FeedImagePresenter.swift; sourceTree = "<group>"; };
		04AEDB072993E11B0009809E /* FeedLoadingViewModel.swift */ = {isa = PBXFileReference; lastKnownFileType = sourcecode.swift; path = FeedLoadingViewModel.swift; sourceTree = "<group>"; };
		04AEDB092993E1420009809E /* FeedViewModel.swift */ = {isa = PBXFileReference; lastKnownFileType = sourcecode.swift; path = FeedViewModel.swift; sourceTree = "<group>"; };
		04B1BA0028BA3B5900DDE9F5 /* FeedStoreSpy.swift */ = {isa = PBXFileReference; lastKnownFileType = sourcecode.swift; path = FeedStoreSpy.swift; sourceTree = "<group>"; };
		04B94DC0289C9587002C18B3 /* HttpClient.swift */ = {isa = PBXFileReference; lastKnownFileType = sourcecode.swift; path = HttpClient.swift; sourceTree = "<group>"; };
		04B94DC2289C9985002C18B3 /* FeedItemsMapper.swift */ = {isa = PBXFileReference; lastKnownFileType = sourcecode.swift; path = FeedItemsMapper.swift; sourceTree = "<group>"; };
		04BCA14328B249690076A760 /* LocalFeedLoader.swift */ = {isa = PBXFileReference; lastKnownFileType = sourcecode.swift; path = LocalFeedLoader.swift; sourceTree = "<group>"; };
		04BCA14528B249C20076A760 /* FeedStore.swift */ = {isa = PBXFileReference; lastKnownFileType = sourcecode.swift; path = FeedStore.swift; sourceTree = "<group>"; };
		04C347C4293D006400DC1D29 /* CodableFeedStoreTests.swift */ = {isa = PBXFileReference; lastKnownFileType = sourcecode.swift; path = CodableFeedStoreTests.swift; sourceTree = "<group>"; };
		04CA424F2961B9B0005BC7F8 /* FeedItemCell.swift */ = {isa = PBXFileReference; lastKnownFileType = sourcecode.swift; path = FeedItemCell.swift; sourceTree = "<group>"; };
		04CC87C22947627A00B84748 /* CodableFeedStore.swift */ = {isa = PBXFileReference; lastKnownFileType = sourcecode.swift; path = CodableFeedStore.swift; sourceTree = "<group>"; };
		04CC87C42948F48900B84748 /* FeedStoreSpecs.swift */ = {isa = PBXFileReference; lastKnownFileType = sourcecode.swift; path = FeedStoreSpecs.swift; sourceTree = "<group>"; };
		04D12EE328C67FE400887712 /* HelperMethods.swift */ = {isa = PBXFileReference; lastKnownFileType = sourcecode.swift; path = HelperMethods.swift; sourceTree = "<group>"; };
		04E57EBB2978748C0086B23F /* Feed.strings */ = {isa = PBXFileReference; lastKnownFileType = text.plist.strings; path = Feed.strings; sourceTree = "<group>"; };
/* End PBXFileReference section */

/* Begin PBXFrameworksBuildPhase section */
		0424C45028A28BA900675D4F /* Frameworks */ = {
			isa = PBXFrameworksBuildPhase;
			buildActionMask = 2147483647;
			files = (
				0424C45728A28BA900675D4F /* ZZFeed.framework in Frameworks */,
			);
			runOnlyForDeploymentPostprocessing = 0;
		};
		04871BE5289924B9006BCEB4 /* Frameworks */ = {
			isa = PBXFrameworksBuildPhase;
			buildActionMask = 2147483647;
			files = (
			);
			runOnlyForDeploymentPostprocessing = 0;
		};
		04871BEF289924B9006BCEB4 /* Frameworks */ = {
			isa = PBXFrameworksBuildPhase;
			buildActionMask = 2147483647;
			files = (
				04871BF3289924B9006BCEB4 /* ZZFeed.framework in Frameworks */,
			);
			runOnlyForDeploymentPostprocessing = 0;
		};
		048FCD24295EFFD80093F747 /* Frameworks */ = {
			isa = PBXFrameworksBuildPhase;
			buildActionMask = 2147483647;
			files = (
				045EB2492960517E00483203 /* ZZFeed.framework in Frameworks */,
			);
			runOnlyForDeploymentPostprocessing = 0;
		};
		048FCD2B295EFFD90093F747 /* Frameworks */ = {
			isa = PBXFrameworksBuildPhase;
			buildActionMask = 2147483647;
			files = (
				048FCD2F295EFFD90093F747 /* ZZFeediOS.framework in Frameworks */,
			);
			runOnlyForDeploymentPostprocessing = 0;
		};
/* End PBXFrameworksBuildPhase section */

/* Begin PBXGroup section */
		040A8C2C296569A60093F6E6 /* Controllers */ = {
			isa = PBXGroup;
			children = (
				045EB24F2960607A00483203 /* FeedViewController.swift */,
				040A8C3029659E260093F6E6 /* FeedItemCellController.swift */,
			);
			path = Controllers;
			sourceTree = "<group>";
		};
		040A8C2D296569AD0093F6E6 /* Views */ = {
			isa = PBXGroup;
			children = (
				04CA424F2961B9B0005BC7F8 /* FeedItemCell.swift */,
				048626AB299D3F2C005B74E7 /* UITableView+dequeue.swift */,
				048626A9299D31BF005B74E7 /* Feed.storyboard */,
				048626AD299D417E005B74E7 /* UIImageView+animations.swift */,
			);
			path = Views;
			sourceTree = "<group>";
		};
		040A8C322965A3010093F6E6 /* Composers */ = {
			isa = PBXGroup;
			children = (
				040A8C332965A30F0093F6E6 /* FeedUIComposer.swift */,
				0420D38329A011FF00FB9A4E /* WeakRefVirtualProxy.swift */,
				0420D38129A0113100FB9A4E /* MainQueueDispatchDecorator.swift */,
			);
			path = Composers;
			sourceTree = "<group>";
		};
		041F4F1028ABC530008E5440 /* Cache */ = {
			isa = PBXGroup;
			children = (
				04B1B9FF28BA3B3E00DDE9F5 /* Shared */,
				041F4F1128ABC569008E5440 /* CacheFeedUseCaseTests.swift */,
				04634FEA28C25C0200AC05AB /* ValidateFeedCacheUseCaseTests.swift */,
				04A18AE028B7F96B00242DAA /* LoadFeedFromCacheUseCaseTests.swift */,
				047F4B092983F0F300BD3C94 /* CacheFeedItemDataUseCaseTests.swift */,
				040603CF298295420061D6CD /* LocalFeedImageDataLoaderTests.swift */,
				04C347C4293D006400DC1D29 /* CodableFeedStoreTests.swift */,
				04CC87C42948F48900B84748 /* FeedStoreSpecs.swift */,
				0438C50229497B4F001FD9BB /* XCTestCase+FeedStoreSpecs.swift */,
			);
			path = Cache;
			sourceTree = "<group>";
		};
		0420D38529A014F700FB9A4E /* Presentation */ = {
			isa = PBXGroup;
			children = (
				0420D38629A0151500FB9A4E /* FeedPresentationTests.swift */,
			);
			path = Presentation;
			sourceTree = "<group>";
		};
		0424C45428A28BA900675D4F /* ZZFeedAPIEndToEndTests */ = {
			isa = PBXGroup;
			children = (
				0424C45528A28BA900675D4F /* ZZFeedAPIEndToEndTests.swift */,
			);
			path = ZZFeedAPIEndToEndTests;
			sourceTree = "<group>";
		};
		045EB2482960517E00483203 /* Frameworks */ = {
			isa = PBXGroup;
			children = (
			);
			name = Frameworks;
			sourceTree = "<group>";
		};
		04715F6C296AB53A006EDF65 /* Models */ = {
			isa = PBXGroup;
			children = (
				04715F6F296AC11B006EDF65 /* FeedItemViewModel.swift */,
			);
			path = Models;
			sourceTree = "<group>";
		};
		047868DE289A92260013E8DB /* Feed */ = {
			isa = PBXGroup;
			children = (
				04871C02289924C9006BCEB4 /* FeedItem.swift */,
				047868DC289A91CC0013E8DB /* FeedLoader.swift */,
				04AD07B32979C3DA0098E9E5 /* FeedItemDataLoader.swift */,
			);
			path = Feed;
			sourceTree = "<group>";
		};
		0478998A289ABD9B00A38697 /* API */ = {
			isa = PBXGroup;
			children = (
				04A2EC782981862500D93403 /* Helpers */,
				0478998B289ABDB300A38697 /* FeedAPI.swift */,
				04B94DC0289C9587002C18B3 /* HttpClient.swift */,
				04B94DC2289C9985002C18B3 /* FeedItemsMapper.swift */,
				042704ED28BD421F004599A7 /* RemoteFeedItem.swift */,
				04AC600828A2777900EC60C3 /* URLSessionHTTPClient.swift */,
				04A2EC712980038300D93403 /* RemoteFeedItemDataLoader.swift */,
			);
			path = API;
			sourceTree = "<group>";
		};
		04871BDE289924B9006BCEB4 = {
			isa = PBXGroup;
			children = (
				04871BEA289924B9006BCEB4 /* ZZFeed */,
				04871BF6289924B9006BCEB4 /* ZZFeedTests */,
				0424C45428A28BA900675D4F /* ZZFeedAPIEndToEndTests */,
				048FCD28295EFFD80093F747 /* ZZFeediOS */,
				048FCD32295EFFD90093F747 /* ZZFeediOSTests */,
				04871BE9289924B9006BCEB4 /* Products */,
				045EB2482960517E00483203 /* Frameworks */,
			);
			sourceTree = "<group>";
		};
		04871BE9289924B9006BCEB4 /* Products */ = {
			isa = PBXGroup;
			children = (
				04871BE8289924B9006BCEB4 /* ZZFeed.framework */,
				04871BF2289924B9006BCEB4 /* ZZFeedTests.xctest */,
				0424C45328A28BA900675D4F /* ZZFeedAPIEndToEndTests.xctest */,
				048FCD27295EFFD80093F747 /* ZZFeediOS.framework */,
				048FCD2E295EFFD90093F747 /* ZZFeediOSTests.xctest */,
			);
			name = Products;
			sourceTree = "<group>";
		};
		04871BEA289924B9006BCEB4 /* ZZFeed */ = {
			isa = PBXGroup;
			children = (
				04BCA14228B2495D0076A760 /* Cache */,
				0478998A289ABD9B00A38697 /* API */,
				047868DE289A92260013E8DB /* Feed */,
			);
			path = ZZFeed;
			sourceTree = "<group>";
		};
		04871BF6289924B9006BCEB4 /* ZZFeedTests */ = {
			isa = PBXGroup;
			children = (
				04AC600A28A277C500EC60C3 /* Shared */,
				041F4F1028ABC530008E5440 /* Cache */,
				04B94DC4289C9DF2002C18B3 /* API */,
				0420D38529A014F700FB9A4E /* Presentation */,
			);
			path = ZZFeedTests;
			sourceTree = "<group>";
		};
		048FCD28295EFFD80093F747 /* ZZFeediOS */ = {
			isa = PBXGroup;
			children = (
				04E57EBB2978748C0086B23F /* Feed.strings */,
				04AEDB062993E0D80009809E /* UI */,
				04AEDB032990F1080009809E /* Presentation */,
			);
			path = ZZFeediOS;
			sourceTree = "<group>";
		};
		048FCD32295EFFD90093F747 /* ZZFeediOSTests */ = {
			isa = PBXGroup;
			children = (
				045EB246296047B400483203 /* FeedUIIntegrationTests.swift */,
			);
			path = ZZFeediOSTests;
			sourceTree = "<group>";
		};
		04A2EC6E298002B400D93403 /* Helpers */ = {
			isa = PBXGroup;
			children = (
				04A2EC6F298002BD00D93403 /* HttpClientSpy.swift */,
				04A2EC7A298186A000D93403 /* URLProtocolStub.swift */,
			);
			path = Helpers;
			sourceTree = "<group>";
		};
		04A2EC782981862500D93403 /* Helpers */ = {
			isa = PBXGroup;
			children = (
				04A2EC76298185B300D93403 /* HTTPURLResponse+StatusCode.swift */,
			);
			path = Helpers;
			sourceTree = "<group>";
		};
		04AC600A28A277C500EC60C3 /* Shared */ = {
			isa = PBXGroup;
			children = (
				04AC600B28A277DB00EC60C3 /* XCTestCase+MemoryLeakTracking.swift */,
				04D12EE328C67FE400887712 /* HelperMethods.swift */,
			);
			path = Shared;
			sourceTree = "<group>";
		};
		04AEDB032990F1080009809E /* Presentation */ = {
			isa = PBXGroup;
			children = (
				04AEDB01298FA3350009809E /* FeedPresenter.swift */,
				04AEDB04299255300009809E /* FeedImagePresenter.swift */,
				04AEDB072993E11B0009809E /* FeedLoadingViewModel.swift */,
				04AEDB092993E1420009809E /* FeedViewModel.swift */,
			);
			path = Presentation;
			sourceTree = "<group>";
		};
		04AEDB062993E0D80009809E /* UI */ = {
			isa = PBXGroup;
			children = (
				04715F6C296AB53A006EDF65 /* Models */,
				040A8C322965A3010093F6E6 /* Composers */,
				040A8C2C296569A60093F6E6 /* Controllers */,
				040A8C2D296569AD0093F6E6 /* Views */,
			);
			path = UI;
			sourceTree = "<group>";
		};
		04B1B9FF28BA3B3E00DDE9F5 /* Shared */ = {
			isa = PBXGroup;
			children = (
				04B1BA0028BA3B5900DDE9F5 /* FeedStoreSpy.swift */,
				04ABF37528CA723700E6B326 /* FeedCacheTestHelpers.swift */,
				047F4B072983F04700BD3C94 /* FeedItemDataStoreSpy.swift */,
			);
			path = Shared;
			sourceTree = "<group>";
		};
		04B94DC4289C9DF2002C18B3 /* API */ = {
			isa = PBXGroup;
			children = (
				04A2EC6E298002B400D93403 /* Helpers */,
				04789988289AB19B00A38697 /* LoadFeedFromRemoteUseCaseTests.swift */,
				040A9392289CF4D300BF46B2 /* URLSessionHttpClientTests.swift */,
				04AD07B52979C3DA0098E9E5 /* LoadFeedItemImageDataFromRemoteUseCaseTests.swift */,
			);
			path = API;
			sourceTree = "<group>";
		};
		04BCA14228B2495D0076A760 /* Cache */ = {
			isa = PBXGroup;
			children = (
				04BCA14328B249690076A760 /* LocalFeedLoader.swift */,
				04ABF37328CA6EF300E6B326 /* FeedCachePolicy.swift */,
				04BCA14528B249C20076A760 /* FeedStore.swift */,
				042704EB28BD41E5004599A7 /* LocalFeedItem.swift */,
				04CC87C22947627A00B84748 /* CodableFeedStore.swift */,
				040603D12982A5E50061D6CD /* LocalFeedItemDataLoader.swift */,
			);
			path = Cache;
			sourceTree = "<group>";
		};
/* End PBXGroup section */

/* Begin PBXHeadersBuildPhase section */
		04871BE3289924B9006BCEB4 /* Headers */ = {
			isa = PBXHeadersBuildPhase;
			buildActionMask = 2147483647;
			files = (
			);
			runOnlyForDeploymentPostprocessing = 0;
		};
		048FCD22295EFFD80093F747 /* Headers */ = {
			isa = PBXHeadersBuildPhase;
			buildActionMask = 2147483647;
			files = (
			);
			runOnlyForDeploymentPostprocessing = 0;
		};
/* End PBXHeadersBuildPhase section */

/* Begin PBXNativeTarget section */
		0424C45228A28BA900675D4F /* ZZFeedAPIEndToEndTests */ = {
			isa = PBXNativeTarget;
			buildConfigurationList = 0424C45C28A28BA900675D4F /* Build configuration list for PBXNativeTarget "ZZFeedAPIEndToEndTests" */;
			buildPhases = (
				0424C44F28A28BA900675D4F /* Sources */,
				0424C45028A28BA900675D4F /* Frameworks */,
				0424C45128A28BA900675D4F /* Resources */,
			);
			buildRules = (
			);
			dependencies = (
				0424C45928A28BA900675D4F /* PBXTargetDependency */,
			);
			name = ZZFeedAPIEndToEndTests;
			productName = ZZFeedAPIEndToEndTests;
			productReference = 0424C45328A28BA900675D4F /* ZZFeedAPIEndToEndTests.xctest */;
			productType = "com.apple.product-type.bundle.unit-test";
		};
		04871BE7289924B9006BCEB4 /* ZZFeed */ = {
			isa = PBXNativeTarget;
			buildConfigurationList = 04871BFC289924B9006BCEB4 /* Build configuration list for PBXNativeTarget "ZZFeed" */;
			buildPhases = (
				04871BE3289924B9006BCEB4 /* Headers */,
				04871BE4289924B9006BCEB4 /* Sources */,
				04871BE5289924B9006BCEB4 /* Frameworks */,
				04871BE6289924B9006BCEB4 /* Resources */,
			);
			buildRules = (
			);
			dependencies = (
			);
			name = ZZFeed;
			productName = ZZFeed;
			productReference = 04871BE8289924B9006BCEB4 /* ZZFeed.framework */;
			productType = "com.apple.product-type.framework";
		};
		04871BF1289924B9006BCEB4 /* ZZFeedTests */ = {
			isa = PBXNativeTarget;
			buildConfigurationList = 04871BFF289924B9006BCEB4 /* Build configuration list for PBXNativeTarget "ZZFeedTests" */;
			buildPhases = (
				04871BEE289924B9006BCEB4 /* Sources */,
				04871BEF289924B9006BCEB4 /* Frameworks */,
				04871BF0289924B9006BCEB4 /* Resources */,
			);
			buildRules = (
			);
			dependencies = (
				04871BF5289924B9006BCEB4 /* PBXTargetDependency */,
			);
			name = ZZFeedTests;
			productName = ZZFeedTests;
			productReference = 04871BF2289924B9006BCEB4 /* ZZFeedTests.xctest */;
			productType = "com.apple.product-type.bundle.unit-test";
		};
		048FCD26295EFFD80093F747 /* ZZFeediOS */ = {
			isa = PBXNativeTarget;
			buildConfigurationList = 048FCD36295EFFD90093F747 /* Build configuration list for PBXNativeTarget "ZZFeediOS" */;
			buildPhases = (
				048FCD22295EFFD80093F747 /* Headers */,
				048FCD23295EFFD80093F747 /* Sources */,
				048FCD24295EFFD80093F747 /* Frameworks */,
				048FCD25295EFFD80093F747 /* Resources */,
				045EB24D2960517E00483203 /* Embed Frameworks */,
			);
			buildRules = (
			);
			dependencies = (
				045EB24C2960517E00483203 /* PBXTargetDependency */,
			);
			name = ZZFeediOS;
			productName = ZZFeediOS;
			productReference = 048FCD27295EFFD80093F747 /* ZZFeediOS.framework */;
			productType = "com.apple.product-type.framework";
		};
		048FCD2D295EFFD90093F747 /* ZZFeediOSTests */ = {
			isa = PBXNativeTarget;
			buildConfigurationList = 048FCD39295EFFD90093F747 /* Build configuration list for PBXNativeTarget "ZZFeediOSTests" */;
			buildPhases = (
				048FCD2A295EFFD90093F747 /* Sources */,
				048FCD2B295EFFD90093F747 /* Frameworks */,
				048FCD2C295EFFD90093F747 /* Resources */,
			);
			buildRules = (
			);
			dependencies = (
				048FCD31295EFFD90093F747 /* PBXTargetDependency */,
			);
			name = ZZFeediOSTests;
			productName = ZZFeediOSTests;
			productReference = 048FCD2E295EFFD90093F747 /* ZZFeediOSTests.xctest */;
			productType = "com.apple.product-type.bundle.unit-test";
		};
/* End PBXNativeTarget section */

/* Begin PBXProject section */
		04871BDF289924B9006BCEB4 /* Project object */ = {
			isa = PBXProject;
			attributes = {
				BuildIndependentTargetsInParallel = 1;
				LastSwiftUpdateCheck = 1400;
				LastUpgradeCheck = 1340;
				TargetAttributes = {
					0424C45228A28BA900675D4F = {
						CreatedOnToolsVersion = 13.4.1;
					};
					04871BE7289924B9006BCEB4 = {
						CreatedOnToolsVersion = 13.4.1;
					};
					04871BF1289924B9006BCEB4 = {
						CreatedOnToolsVersion = 13.4.1;
					};
					048FCD26295EFFD80093F747 = {
						CreatedOnToolsVersion = 14.0;
						LastSwiftMigration = 1400;
					};
					048FCD2D295EFFD90093F747 = {
						CreatedOnToolsVersion = 14.0;
						LastSwiftMigration = 1400;
					};
				};
			};
			buildConfigurationList = 04871BE2289924B9006BCEB4 /* Build configuration list for PBXProject "ZZFeed" */;
			compatibilityVersion = "Xcode 13.0";
			developmentRegion = en;
			hasScannedForEncodings = 0;
			knownRegions = (
				en,
				Base,
			);
			mainGroup = 04871BDE289924B9006BCEB4;
			productRefGroup = 04871BE9289924B9006BCEB4 /* Products */;
			projectDirPath = "";
			projectRoot = "";
			targets = (
				04871BE7289924B9006BCEB4 /* ZZFeed */,
				04871BF1289924B9006BCEB4 /* ZZFeedTests */,
				0424C45228A28BA900675D4F /* ZZFeedAPIEndToEndTests */,
				048FCD26295EFFD80093F747 /* ZZFeediOS */,
				048FCD2D295EFFD90093F747 /* ZZFeediOSTests */,
			);
		};
/* End PBXProject section */

/* Begin PBXResourcesBuildPhase section */
		0424C45128A28BA900675D4F /* Resources */ = {
			isa = PBXResourcesBuildPhase;
			buildActionMask = 2147483647;
			files = (
			);
			runOnlyForDeploymentPostprocessing = 0;
		};
		04871BE6289924B9006BCEB4 /* Resources */ = {
			isa = PBXResourcesBuildPhase;
			buildActionMask = 2147483647;
			files = (
			);
			runOnlyForDeploymentPostprocessing = 0;
		};
		04871BF0289924B9006BCEB4 /* Resources */ = {
			isa = PBXResourcesBuildPhase;
			buildActionMask = 2147483647;
			files = (
			);
			runOnlyForDeploymentPostprocessing = 0;
		};
		048FCD25295EFFD80093F747 /* Resources */ = {
			isa = PBXResourcesBuildPhase;
			buildActionMask = 2147483647;
			files = (
				048626AA299D31BF005B74E7 /* Feed.storyboard in Resources */,
				04E57EBC2978748C0086B23F /* Feed.strings in Resources */,
			);
			runOnlyForDeploymentPostprocessing = 0;
		};
		048FCD2C295EFFD90093F747 /* Resources */ = {
			isa = PBXResourcesBuildPhase;
			buildActionMask = 2147483647;
			files = (
			);
			runOnlyForDeploymentPostprocessing = 0;
		};
/* End PBXResourcesBuildPhase section */

/* Begin PBXSourcesBuildPhase section */
		0424C44F28A28BA900675D4F /* Sources */ = {
			isa = PBXSourcesBuildPhase;
			buildActionMask = 2147483647;
			files = (
				0424C45628A28BA900675D4F /* ZZFeedAPIEndToEndTests.swift in Sources */,
				0424C45D28A28D8F00675D4F /* XCTestCase+MemoryLeakTracking.swift in Sources */,
			);
			runOnlyForDeploymentPostprocessing = 0;
		};
		04871BE4289924B9006BCEB4 /* Sources */ = {
			isa = PBXSourcesBuildPhase;
			buildActionMask = 2147483647;
			files = (
				04BCA14628B249C20076A760 /* FeedStore.swift in Sources */,
				04A2EC722980038300D93403 /* RemoteFeedItemDataLoader.swift in Sources */,
				04AC600928A2777900EC60C3 /* URLSessionHTTPClient.swift in Sources */,
				04B94DC1289C9587002C18B3 /* HttpClient.swift in Sources */,
				047868DD289A91CC0013E8DB /* FeedLoader.swift in Sources */,
				042704EC28BD41E5004599A7 /* LocalFeedItem.swift in Sources */,
				04871C03289924C9006BCEB4 /* FeedItem.swift in Sources */,
				040603D22982A5E50061D6CD /* LocalFeedItemDataLoader.swift in Sources */,
				04A2EC792981863100D93403 /* HTTPURLResponse+StatusCode.swift in Sources */,
				04B94DC3289C9985002C18B3 /* FeedItemsMapper.swift in Sources */,
				0478998C289ABDB300A38697 /* FeedAPI.swift in Sources */,
				04CC87C32947627A00B84748 /* CodableFeedStore.swift in Sources */,
				04ABF37428CA6EF300E6B326 /* FeedCachePolicy.swift in Sources */,
				04AD07B42979C3DA0098E9E5 /* FeedItemDataLoader.swift in Sources */,
				04BCA14428B249690076A760 /* LocalFeedLoader.swift in Sources */,
				042704EE28BD421F004599A7 /* RemoteFeedItem.swift in Sources */,
			);
			runOnlyForDeploymentPostprocessing = 0;
		};
		04871BEE289924B9006BCEB4 /* Sources */ = {
			isa = PBXSourcesBuildPhase;
			buildActionMask = 2147483647;
			files = (
				047F4B082983F04700BD3C94 /* FeedItemDataStoreSpy.swift in Sources */,
				04C347C5293D006400DC1D29 /* CodableFeedStoreTests.swift in Sources */,
				04A2EC70298002BD00D93403 /* HttpClientSpy.swift in Sources */,
				0420D38729A0151500FB9A4E /* FeedPresentationTests.swift in Sources */,
				04634FEB28C25C0200AC05AB /* ValidateFeedCacheUseCaseTests.swift in Sources */,
				040A9393289CF4D300BF46B2 /* URLSessionHttpClientTests.swift in Sources */,
				040603D0298295420061D6CD /* LocalFeedImageDataLoaderTests.swift in Sources */,
				04A2EC7B298186A000D93403 /* URLProtocolStub.swift in Sources */,
				04D12EE428C67FE400887712 /* HelperMethods.swift in Sources */,
				047F4B0A2983F0F300BD3C94 /* CacheFeedItemDataUseCaseTests.swift in Sources */,
				04ABF37628CA723700E6B326 /* FeedCacheTestHelpers.swift in Sources */,
				04B1BA0128BA3B5900DDE9F5 /* FeedStoreSpy.swift in Sources */,
				047F4B0B2983F17100BD3C94 /* XCTestCase+MemoryLeakTracking.swift in Sources */,
				041F4F1228ABC569008E5440 /* CacheFeedUseCaseTests.swift in Sources */,
				04A18AE128B7F96B00242DAA /* LoadFeedFromCacheUseCaseTests.swift in Sources */,
				04AD07B62979C3DA0098E9E5 /* LoadFeedItemImageDataFromRemoteUseCaseTests.swift in Sources */,
				04CC87C52948F48900B84748 /* FeedStoreSpecs.swift in Sources */,
				04789989289AB19B00A38697 /* LoadFeedFromRemoteUseCaseTests.swift in Sources */,
				0438C50329497B4F001FD9BB /* XCTestCase+FeedStoreSpecs.swift in Sources */,
			);
			runOnlyForDeploymentPostprocessing = 0;
		};
		048FCD23295EFFD80093F747 /* Sources */ = {
			isa = PBXSourcesBuildPhase;
			buildActionMask = 2147483647;
			files = (
				048626AC299D3F2C005B74E7 /* UITableView+dequeue.swift in Sources */,
				04AEDB0A2993E1420009809E /* FeedViewModel.swift in Sources */,
				04CA42502961B9B1005BC7F8 /* FeedItemCell.swift in Sources */,
				0420D38429A011FF00FB9A4E /* WeakRefVirtualProxy.swift in Sources */,
				048626AE299D417E005B74E7 /* UIImageView+animations.swift in Sources */,
				0420D38229A0113100FB9A4E /* MainQueueDispatchDecorator.swift in Sources */,
				04715F70296AC11B006EDF65 /* FeedItemViewModel.swift in Sources */,
				04AEDB05299255300009809E /* FeedImagePresenter.swift in Sources */,
				04AEDB02298FA3350009809E /* FeedPresenter.swift in Sources */,
				045EB2502960607A00483203 /* FeedViewController.swift in Sources */,
				040A8C3129659E260093F6E6 /* FeedItemCellController.swift in Sources */,
				04AEDB082993E11B0009809E /* FeedLoadingViewModel.swift in Sources */,
				040A8C342965A30F0093F6E6 /* FeedUIComposer.swift in Sources */,
			);
			runOnlyForDeploymentPostprocessing = 0;
		};
		048FCD2A295EFFD90093F747 /* Sources */ = {
			isa = PBXSourcesBuildPhase;
			buildActionMask = 2147483647;
			files = (
				045EB247296047B400483203 /* FeedUIIntegrationTests.swift in Sources */,
				047F4B0C2983F17200BD3C94 /* XCTestCase+MemoryLeakTracking.swift in Sources */,
			);
			runOnlyForDeploymentPostprocessing = 0;
		};
/* End PBXSourcesBuildPhase section */

/* Begin PBXTargetDependency section */
		0424C45928A28BA900675D4F /* PBXTargetDependency */ = {
			isa = PBXTargetDependency;
			target = 04871BE7289924B9006BCEB4 /* ZZFeed */;
			targetProxy = 0424C45828A28BA900675D4F /* PBXContainerItemProxy */;
		};
		045EB24C2960517E00483203 /* PBXTargetDependency */ = {
			isa = PBXTargetDependency;
			target = 04871BE7289924B9006BCEB4 /* ZZFeed */;
			targetProxy = 045EB24B2960517E00483203 /* PBXContainerItemProxy */;
		};
		04871BF5289924B9006BCEB4 /* PBXTargetDependency */ = {
			isa = PBXTargetDependency;
			target = 04871BE7289924B9006BCEB4 /* ZZFeed */;
			targetProxy = 04871BF4289924B9006BCEB4 /* PBXContainerItemProxy */;
		};
		048FCD31295EFFD90093F747 /* PBXTargetDependency */ = {
			isa = PBXTargetDependency;
			target = 048FCD26295EFFD80093F747 /* ZZFeediOS */;
			targetProxy = 048FCD30295EFFD90093F747 /* PBXContainerItemProxy */;
		};
/* End PBXTargetDependency section */

/* Begin XCBuildConfiguration section */
		0424C45A28A28BA900675D4F /* Debug */ = {
			isa = XCBuildConfiguration;
			buildSettings = {
				CODE_SIGN_STYLE = Automatic;
				CURRENT_PROJECT_VERSION = 1;
				GENERATE_INFOPLIST_FILE = YES;
				IPHONEOS_DEPLOYMENT_TARGET = 13.0;
				MARKETING_VERSION = 1.0;
				PRODUCT_BUNDLE_IDENTIFIER = com.zzmasoud.ZZFeedAPIEndToEndTests;
				PRODUCT_NAME = "$(TARGET_NAME)";
				SUPPORTED_PLATFORMS = "macosx iphoneos iphonesimulator";
				SWIFT_EMIT_LOC_STRINGS = NO;
				SWIFT_VERSION = 5.0;
			};
			name = Debug;
		};
		0424C45B28A28BA900675D4F /* Release */ = {
			isa = XCBuildConfiguration;
			buildSettings = {
				CODE_SIGN_STYLE = Automatic;
				CURRENT_PROJECT_VERSION = 1;
				GENERATE_INFOPLIST_FILE = YES;
				IPHONEOS_DEPLOYMENT_TARGET = 13.0;
				MARKETING_VERSION = 1.0;
				PRODUCT_BUNDLE_IDENTIFIER = com.zzmasoud.ZZFeedAPIEndToEndTests;
				PRODUCT_NAME = "$(TARGET_NAME)";
				SUPPORTED_PLATFORMS = "macosx iphoneos iphonesimulator";
				SWIFT_EMIT_LOC_STRINGS = NO;
				SWIFT_VERSION = 5.0;
			};
			name = Release;
		};
		04871BFA289924B9006BCEB4 /* Debug */ = {
			isa = XCBuildConfiguration;
			buildSettings = {
				ALWAYS_SEARCH_USER_PATHS = NO;
				CLANG_ANALYZER_NONNULL = YES;
				CLANG_ANALYZER_NUMBER_OBJECT_CONVERSION = YES_AGGRESSIVE;
				CLANG_CXX_LANGUAGE_STANDARD = "gnu++17";
				CLANG_ENABLE_MODULES = YES;
				CLANG_ENABLE_OBJC_ARC = YES;
				CLANG_ENABLE_OBJC_WEAK = YES;
				CLANG_WARN_BLOCK_CAPTURE_AUTORELEASING = YES;
				CLANG_WARN_BOOL_CONVERSION = YES;
				CLANG_WARN_COMMA = YES;
				CLANG_WARN_CONSTANT_CONVERSION = YES;
				CLANG_WARN_DEPRECATED_OBJC_IMPLEMENTATIONS = YES;
				CLANG_WARN_DIRECT_OBJC_ISA_USAGE = YES_ERROR;
				CLANG_WARN_DOCUMENTATION_COMMENTS = YES;
				CLANG_WARN_EMPTY_BODY = YES;
				CLANG_WARN_ENUM_CONVERSION = YES;
				CLANG_WARN_INFINITE_RECURSION = YES;
				CLANG_WARN_INT_CONVERSION = YES;
				CLANG_WARN_NON_LITERAL_NULL_CONVERSION = YES;
				CLANG_WARN_OBJC_IMPLICIT_RETAIN_SELF = YES;
				CLANG_WARN_OBJC_LITERAL_CONVERSION = YES;
				CLANG_WARN_OBJC_ROOT_CLASS = YES_ERROR;
				CLANG_WARN_QUOTED_INCLUDE_IN_FRAMEWORK_HEADER = YES;
				CLANG_WARN_RANGE_LOOP_ANALYSIS = YES;
				CLANG_WARN_STRICT_PROTOTYPES = YES;
				CLANG_WARN_SUSPICIOUS_MOVE = YES;
				CLANG_WARN_UNGUARDED_AVAILABILITY = YES_AGGRESSIVE;
				CLANG_WARN_UNREACHABLE_CODE = YES;
				CLANG_WARN__DUPLICATE_METHOD_MATCH = YES;
				COPY_PHASE_STRIP = NO;
				CURRENT_PROJECT_VERSION = 1;
				DEBUG_INFORMATION_FORMAT = dwarf;
				ENABLE_STRICT_OBJC_MSGSEND = YES;
				ENABLE_TESTABILITY = YES;
				GCC_C_LANGUAGE_STANDARD = gnu11;
				GCC_DYNAMIC_NO_PIC = NO;
				GCC_NO_COMMON_BLOCKS = YES;
				GCC_OPTIMIZATION_LEVEL = 0;
				GCC_PREPROCESSOR_DEFINITIONS = (
					"DEBUG=1",
					"$(inherited)",
				);
				GCC_WARN_64_TO_32_BIT_CONVERSION = YES;
				GCC_WARN_ABOUT_RETURN_TYPE = YES_ERROR;
				GCC_WARN_UNDECLARED_SELECTOR = YES;
				GCC_WARN_UNINITIALIZED_AUTOS = YES_AGGRESSIVE;
				GCC_WARN_UNUSED_FUNCTION = YES;
				GCC_WARN_UNUSED_VARIABLE = YES;
				MACOSX_DEPLOYMENT_TARGET = 12.0;
				MTL_ENABLE_DEBUG_INFO = INCLUDE_SOURCE;
				MTL_FAST_MATH = YES;
				ONLY_ACTIVE_ARCH = YES;
				SDKROOT = macosx;
				SWIFT_ACTIVE_COMPILATION_CONDITIONS = DEBUG;
				SWIFT_OPTIMIZATION_LEVEL = "-Onone";
				VERSIONING_SYSTEM = "apple-generic";
				VERSION_INFO_PREFIX = "";
			};
			name = Debug;
		};
		04871BFB289924B9006BCEB4 /* Release */ = {
			isa = XCBuildConfiguration;
			buildSettings = {
				ALWAYS_SEARCH_USER_PATHS = NO;
				CLANG_ANALYZER_NONNULL = YES;
				CLANG_ANALYZER_NUMBER_OBJECT_CONVERSION = YES_AGGRESSIVE;
				CLANG_CXX_LANGUAGE_STANDARD = "gnu++17";
				CLANG_ENABLE_MODULES = YES;
				CLANG_ENABLE_OBJC_ARC = YES;
				CLANG_ENABLE_OBJC_WEAK = YES;
				CLANG_WARN_BLOCK_CAPTURE_AUTORELEASING = YES;
				CLANG_WARN_BOOL_CONVERSION = YES;
				CLANG_WARN_COMMA = YES;
				CLANG_WARN_CONSTANT_CONVERSION = YES;
				CLANG_WARN_DEPRECATED_OBJC_IMPLEMENTATIONS = YES;
				CLANG_WARN_DIRECT_OBJC_ISA_USAGE = YES_ERROR;
				CLANG_WARN_DOCUMENTATION_COMMENTS = YES;
				CLANG_WARN_EMPTY_BODY = YES;
				CLANG_WARN_ENUM_CONVERSION = YES;
				CLANG_WARN_INFINITE_RECURSION = YES;
				CLANG_WARN_INT_CONVERSION = YES;
				CLANG_WARN_NON_LITERAL_NULL_CONVERSION = YES;
				CLANG_WARN_OBJC_IMPLICIT_RETAIN_SELF = YES;
				CLANG_WARN_OBJC_LITERAL_CONVERSION = YES;
				CLANG_WARN_OBJC_ROOT_CLASS = YES_ERROR;
				CLANG_WARN_QUOTED_INCLUDE_IN_FRAMEWORK_HEADER = YES;
				CLANG_WARN_RANGE_LOOP_ANALYSIS = YES;
				CLANG_WARN_STRICT_PROTOTYPES = YES;
				CLANG_WARN_SUSPICIOUS_MOVE = YES;
				CLANG_WARN_UNGUARDED_AVAILABILITY = YES_AGGRESSIVE;
				CLANG_WARN_UNREACHABLE_CODE = YES;
				CLANG_WARN__DUPLICATE_METHOD_MATCH = YES;
				COPY_PHASE_STRIP = NO;
				CURRENT_PROJECT_VERSION = 1;
				DEBUG_INFORMATION_FORMAT = "dwarf-with-dsym";
				ENABLE_NS_ASSERTIONS = NO;
				ENABLE_STRICT_OBJC_MSGSEND = YES;
				GCC_C_LANGUAGE_STANDARD = gnu11;
				GCC_NO_COMMON_BLOCKS = YES;
				GCC_WARN_64_TO_32_BIT_CONVERSION = YES;
				GCC_WARN_ABOUT_RETURN_TYPE = YES_ERROR;
				GCC_WARN_UNDECLARED_SELECTOR = YES;
				GCC_WARN_UNINITIALIZED_AUTOS = YES_AGGRESSIVE;
				GCC_WARN_UNUSED_FUNCTION = YES;
				GCC_WARN_UNUSED_VARIABLE = YES;
				MACOSX_DEPLOYMENT_TARGET = 12.0;
				MTL_ENABLE_DEBUG_INFO = NO;
				MTL_FAST_MATH = YES;
				SDKROOT = macosx;
				SWIFT_COMPILATION_MODE = wholemodule;
				SWIFT_OPTIMIZATION_LEVEL = "-O";
				VERSIONING_SYSTEM = "apple-generic";
				VERSION_INFO_PREFIX = "";
			};
			name = Release;
		};
		04871BFD289924B9006BCEB4 /* Debug */ = {
			isa = XCBuildConfiguration;
			buildSettings = {
				CODE_SIGN_STYLE = Automatic;
				COMBINE_HIDPI_IMAGES = YES;
				CURRENT_PROJECT_VERSION = 1;
				DEFINES_MODULE = YES;
				DYLIB_COMPATIBILITY_VERSION = 1;
				DYLIB_CURRENT_VERSION = 1;
				DYLIB_INSTALL_NAME_BASE = "@rpath";
				GENERATE_INFOPLIST_FILE = YES;
				INFOPLIST_KEY_NSHumanReadableCopyright = "";
				INSTALL_PATH = "$(LOCAL_LIBRARY_DIR)/Frameworks";
				IPHONEOS_DEPLOYMENT_TARGET = 13.0;
				LD_RUNPATH_SEARCH_PATHS = (
					"$(inherited)",
					"@executable_path/../Frameworks",
					"@loader_path/Frameworks",
				);
				MARKETING_VERSION = 1.0;
				PRODUCT_BUNDLE_IDENTIFIER = com.zzmasoud.ZZFeed;
				PRODUCT_NAME = "$(TARGET_NAME:c99extidentifier)";
				SKIP_INSTALL = YES;
				SUPPORTED_PLATFORMS = "iphoneos iphonesimulator macosx";
				SUPPORTS_MACCATALYST = YES;
				SUPPORTS_MAC_DESIGNED_FOR_IPHONE_IPAD = NO;
				SWIFT_EMIT_LOC_STRINGS = YES;
				SWIFT_VERSION = 5.0;
				TARGETED_DEVICE_FAMILY = "1,2";
			};
			name = Debug;
		};
		04871BFE289924B9006BCEB4 /* Release */ = {
			isa = XCBuildConfiguration;
			buildSettings = {
				CODE_SIGN_STYLE = Automatic;
				COMBINE_HIDPI_IMAGES = YES;
				CURRENT_PROJECT_VERSION = 1;
				DEFINES_MODULE = YES;
				DYLIB_COMPATIBILITY_VERSION = 1;
				DYLIB_CURRENT_VERSION = 1;
				DYLIB_INSTALL_NAME_BASE = "@rpath";
				GENERATE_INFOPLIST_FILE = YES;
				INFOPLIST_KEY_NSHumanReadableCopyright = "";
				INSTALL_PATH = "$(LOCAL_LIBRARY_DIR)/Frameworks";
				IPHONEOS_DEPLOYMENT_TARGET = 13.0;
				LD_RUNPATH_SEARCH_PATHS = (
					"$(inherited)",
					"@executable_path/../Frameworks",
					"@loader_path/Frameworks",
				);
				MARKETING_VERSION = 1.0;
				PRODUCT_BUNDLE_IDENTIFIER = com.zzmasoud.ZZFeed;
				PRODUCT_NAME = "$(TARGET_NAME:c99extidentifier)";
				SKIP_INSTALL = YES;
				SUPPORTED_PLATFORMS = "iphoneos iphonesimulator macosx";
				SUPPORTS_MACCATALYST = YES;
				SUPPORTS_MAC_DESIGNED_FOR_IPHONE_IPAD = NO;
				SWIFT_EMIT_LOC_STRINGS = YES;
				SWIFT_VERSION = 5.0;
				TARGETED_DEVICE_FAMILY = "1,2";
			};
			name = Release;
		};
		04871C00289924B9006BCEB4 /* Debug */ = {
			isa = XCBuildConfiguration;
			buildSettings = {
				ALWAYS_EMBED_SWIFT_STANDARD_LIBRARIES = YES;
				"CODE_SIGN_IDENTITY[sdk=macosx*]" = "-";
				CODE_SIGN_STYLE = Automatic;
				CURRENT_PROJECT_VERSION = 1;
				GENERATE_INFOPLIST_FILE = YES;
				IPHONEOS_DEPLOYMENT_TARGET = 13.0;
				MARKETING_VERSION = 1.0;
				PRODUCT_BUNDLE_IDENTIFIER = com.zzmasoud.ZZFeedTests;
				PRODUCT_NAME = "$(TARGET_NAME)";
				SUPPORTED_PLATFORMS = "iphoneos iphonesimulator macosx";
				SUPPORTS_MACCATALYST = YES;
				SUPPORTS_MAC_DESIGNED_FOR_IPHONE_IPAD = NO;
				SWIFT_EMIT_LOC_STRINGS = NO;
				SWIFT_VERSION = 5.0;
				TARGETED_DEVICE_FAMILY = 2;
			};
			name = Debug;
		};
		04871C01289924B9006BCEB4 /* Release */ = {
			isa = XCBuildConfiguration;
			buildSettings = {
				ALWAYS_EMBED_SWIFT_STANDARD_LIBRARIES = YES;
				"CODE_SIGN_IDENTITY[sdk=macosx*]" = "-";
				CODE_SIGN_STYLE = Automatic;
				CURRENT_PROJECT_VERSION = 1;
				GENERATE_INFOPLIST_FILE = YES;
				IPHONEOS_DEPLOYMENT_TARGET = 13.0;
				MARKETING_VERSION = 1.0;
				PRODUCT_BUNDLE_IDENTIFIER = com.zzmasoud.ZZFeedTests;
				PRODUCT_NAME = "$(TARGET_NAME)";
				SUPPORTED_PLATFORMS = "iphoneos iphonesimulator macosx";
				SUPPORTS_MACCATALYST = YES;
				SUPPORTS_MAC_DESIGNED_FOR_IPHONE_IPAD = NO;
				SWIFT_EMIT_LOC_STRINGS = NO;
				SWIFT_VERSION = 5.0;
				TARGETED_DEVICE_FAMILY = 2;
			};
			name = Release;
		};
		048FCD37295EFFD90093F747 /* Debug */ = {
			isa = XCBuildConfiguration;
			buildSettings = {
				CLANG_CXX_LANGUAGE_STANDARD = "gnu++20";
				CLANG_ENABLE_MODULES = YES;
				CODE_SIGN_STYLE = Automatic;
				CURRENT_PROJECT_VERSION = 1;
				DEFINES_MODULE = YES;
				DEVELOPMENT_TEAM = "";
				DYLIB_COMPATIBILITY_VERSION = 1;
				DYLIB_CURRENT_VERSION = 1;
				DYLIB_INSTALL_NAME_BASE = "@rpath";
				GENERATE_INFOPLIST_FILE = YES;
				INFOPLIST_KEY_NSHumanReadableCopyright = "";
				INSTALL_PATH = "$(LOCAL_LIBRARY_DIR)/Frameworks";
				IPHONEOS_DEPLOYMENT_TARGET = 13.0;
				LD_RUNPATH_SEARCH_PATHS = (
					"$(inherited)",
					"@executable_path/Frameworks",
					"@loader_path/Frameworks",
				);
				MARKETING_VERSION = 1.0;
				PRODUCT_BUNDLE_IDENTIFIER = com.zzmasoud.ZZFeediOS;
				PRODUCT_NAME = "$(TARGET_NAME:c99extidentifier)";
				SDKROOT = iphoneos;
				SKIP_INSTALL = YES;
				SUPPORTS_MACCATALYST = YES;
				SWIFT_EMIT_LOC_STRINGS = YES;
				SWIFT_OPTIMIZATION_LEVEL = "-Onone";
				SWIFT_VERSION = 5.0;
				TARGETED_DEVICE_FAMILY = "1,2";
			};
			name = Debug;
		};
		048FCD38295EFFD90093F747 /* Release */ = {
			isa = XCBuildConfiguration;
			buildSettings = {
				CLANG_CXX_LANGUAGE_STANDARD = "gnu++20";
				CLANG_ENABLE_MODULES = YES;
				CODE_SIGN_STYLE = Automatic;
				CURRENT_PROJECT_VERSION = 1;
				DEFINES_MODULE = YES;
				DEVELOPMENT_TEAM = "";
				DYLIB_COMPATIBILITY_VERSION = 1;
				DYLIB_CURRENT_VERSION = 1;
				DYLIB_INSTALL_NAME_BASE = "@rpath";
				GENERATE_INFOPLIST_FILE = YES;
				INFOPLIST_KEY_NSHumanReadableCopyright = "";
				INSTALL_PATH = "$(LOCAL_LIBRARY_DIR)/Frameworks";
				IPHONEOS_DEPLOYMENT_TARGET = 13.0;
				LD_RUNPATH_SEARCH_PATHS = (
					"$(inherited)",
					"@executable_path/Frameworks",
					"@loader_path/Frameworks",
				);
				MARKETING_VERSION = 1.0;
				PRODUCT_BUNDLE_IDENTIFIER = com.zzmasoud.ZZFeediOS;
				PRODUCT_NAME = "$(TARGET_NAME:c99extidentifier)";
				SDKROOT = iphoneos;
				SKIP_INSTALL = YES;
				SUPPORTS_MACCATALYST = YES;
				SWIFT_EMIT_LOC_STRINGS = YES;
				SWIFT_VERSION = 5.0;
				TARGETED_DEVICE_FAMILY = "1,2";
				VALIDATE_PRODUCT = YES;
			};
			name = Release;
		};
		048FCD3A295EFFD90093F747 /* Debug */ = {
			isa = XCBuildConfiguration;
			buildSettings = {
				ALWAYS_EMBED_SWIFT_STANDARD_LIBRARIES = YES;
				CLANG_CXX_LANGUAGE_STANDARD = "gnu++20";
				CLANG_ENABLE_MODULES = YES;
				"CODE_SIGN_IDENTITY[sdk=macosx*]" = "-";
				CODE_SIGN_STYLE = Automatic;
				CURRENT_PROJECT_VERSION = 1;
				GENERATE_INFOPLIST_FILE = YES;
				IPHONEOS_DEPLOYMENT_TARGET = 13.0;
				LD_RUNPATH_SEARCH_PATHS = (
					"$(inherited)",
					"@executable_path/Frameworks",
					"@loader_path/Frameworks",
				);
				MARKETING_VERSION = 1.0;
				PRODUCT_BUNDLE_IDENTIFIER = com.zzmasoud.ZZFeediOSTests;
				PRODUCT_NAME = "$(TARGET_NAME)";
				SDKROOT = iphoneos;
				SWIFT_EMIT_LOC_STRINGS = NO;
				SWIFT_OPTIMIZATION_LEVEL = "-Onone";
				SWIFT_VERSION = 5.0;
				TARGETED_DEVICE_FAMILY = "1,2";
			};
			name = Debug;
		};
		048FCD3B295EFFD90093F747 /* Release */ = {
			isa = XCBuildConfiguration;
			buildSettings = {
				ALWAYS_EMBED_SWIFT_STANDARD_LIBRARIES = YES;
				CLANG_CXX_LANGUAGE_STANDARD = "gnu++20";
				CLANG_ENABLE_MODULES = YES;
				"CODE_SIGN_IDENTITY[sdk=macosx*]" = "-";
				CODE_SIGN_STYLE = Automatic;
				CURRENT_PROJECT_VERSION = 1;
				GENERATE_INFOPLIST_FILE = YES;
				IPHONEOS_DEPLOYMENT_TARGET = 13.0;
				LD_RUNPATH_SEARCH_PATHS = (
					"$(inherited)",
					"@executable_path/Frameworks",
					"@loader_path/Frameworks",
				);
				MARKETING_VERSION = 1.0;
				PRODUCT_BUNDLE_IDENTIFIER = com.zzmasoud.ZZFeediOSTests;
				PRODUCT_NAME = "$(TARGET_NAME)";
				SDKROOT = iphoneos;
				SWIFT_EMIT_LOC_STRINGS = NO;
				SWIFT_VERSION = 5.0;
				TARGETED_DEVICE_FAMILY = "1,2";
				VALIDATE_PRODUCT = YES;
			};
			name = Release;
		};
/* End XCBuildConfiguration section */

/* Begin XCConfigurationList section */
		0424C45C28A28BA900675D4F /* Build configuration list for PBXNativeTarget "ZZFeedAPIEndToEndTests" */ = {
			isa = XCConfigurationList;
			buildConfigurations = (
				0424C45A28A28BA900675D4F /* Debug */,
				0424C45B28A28BA900675D4F /* Release */,
			);
			defaultConfigurationIsVisible = 0;
			defaultConfigurationName = Release;
		};
		04871BE2289924B9006BCEB4 /* Build configuration list for PBXProject "ZZFeed" */ = {
			isa = XCConfigurationList;
			buildConfigurations = (
				04871BFA289924B9006BCEB4 /* Debug */,
				04871BFB289924B9006BCEB4 /* Release */,
			);
			defaultConfigurationIsVisible = 0;
			defaultConfigurationName = Release;
		};
		04871BFC289924B9006BCEB4 /* Build configuration list for PBXNativeTarget "ZZFeed" */ = {
			isa = XCConfigurationList;
			buildConfigurations = (
				04871BFD289924B9006BCEB4 /* Debug */,
				04871BFE289924B9006BCEB4 /* Release */,
			);
			defaultConfigurationIsVisible = 0;
			defaultConfigurationName = Release;
		};
		04871BFF289924B9006BCEB4 /* Build configuration list for PBXNativeTarget "ZZFeedTests" */ = {
			isa = XCConfigurationList;
			buildConfigurations = (
				04871C00289924B9006BCEB4 /* Debug */,
				04871C01289924B9006BCEB4 /* Release */,
			);
			defaultConfigurationIsVisible = 0;
			defaultConfigurationName = Release;
		};
		048FCD36295EFFD90093F747 /* Build configuration list for PBXNativeTarget "ZZFeediOS" */ = {
			isa = XCConfigurationList;
			buildConfigurations = (
				048FCD37295EFFD90093F747 /* Debug */,
				048FCD38295EFFD90093F747 /* Release */,
			);
			defaultConfigurationIsVisible = 0;
			defaultConfigurationName = Release;
		};
		048FCD39295EFFD90093F747 /* Build configuration list for PBXNativeTarget "ZZFeediOSTests" */ = {
			isa = XCConfigurationList;
			buildConfigurations = (
				048FCD3A295EFFD90093F747 /* Debug */,
				048FCD3B295EFFD90093F747 /* Release */,
			);
			defaultConfigurationIsVisible = 0;
			defaultConfigurationName = Release;
		};
/* End XCConfigurationList section */
	};
	rootObject = 04871BDF289924B9006BCEB4 /* Project object */;
}
